// !$*UTF8*$!
{
	archiveVersion = 1;
	classes = {
	};
	objectVersion = 54;
	objects = {

/* Begin PBXBuildFile section */
		0FAAF32724069EFC00267583 /* GoogleService-Info.plist in Resources */ = {isa = PBXBuildFile; fileRef = 0FAAF32624069EFC00267583 /* GoogleService-Info.plist */; };
		0FF6825D247C33BC00FB80EE /* Intercom.plist in Resources */ = {isa = PBXBuildFile; fileRef = 0FF6825C247C33BC00FB80EE /* Intercom.plist */; };
		0FF6825F247FE01600FB80EE /* BootSplash.storyboard in Resources */ = {isa = PBXBuildFile; fileRef = 0FF6825E247FE01600FB80EE /* BootSplash.storyboard */; };
		13B07FBD1A68108700A75B9A /* LaunchScreen.xib in Resources */ = {isa = PBXBuildFile; fileRef = 13B07FB11A68108700A75B9A /* LaunchScreen.xib */; };
		13B07FBF1A68108700A75B9A /* Images.xcassets in Resources */ = {isa = PBXBuildFile; fileRef = 13B07FB51A68108700A75B9A /* Images.xcassets */; };
		22CDD79A2E682A4B009A6A01 /* AppDelegate.swift in Sources */ = {isa = PBXBuildFile; fileRef = 22CDD7992E682A4B009A6A01 /* AppDelegate.swift */; };
		298D19472AEBC45E00065733 /* InfoPlist.strings in Resources */ = {isa = PBXBuildFile; fileRef = 298D19492AEBC45E00065733 /* InfoPlist.strings */; };
		385EE0D3242C0AFC002E1272 /* enforce-bridge.swift in Sources */ = {isa = PBXBuildFile; fileRef = 385EE0D2242C0AFC002E1272 /* enforce-bridge.swift */; };
		38CD3270254B612600C6B978 /* AtBRootView.m in Sources */ = {isa = PBXBuildFile; fileRef = 38CD326F254B612600C6B978 /* AtBRootView.m */; };
		500752DC29855BD100AC5A7F /* Intents.framework in Frameworks */ = {isa = PBXBuildFile; fileRef = 500752DB29855BD100AC5A7F /* Intents.framework */; };
		500752DF29855BD100AC5A7F /* IntentHandler.swift in Sources */ = {isa = PBXBuildFile; fileRef = 500752DE29855BD100AC5A7F /* IntentHandler.swift */; };
		500752E329855BD100AC5A7F /* AtbAppIntent.appex in Embed Foundation Extensions */ = {isa = PBXBuildFile; fileRef = 500752DA29855BD100AC5A7F /* AtbAppIntent.appex */; settings = {ATTRIBUTES = (RemoveHeadersOnCopy, ); }; };
		500752EC29855E4D00AC5A7F /* IntentHandler.swift in Sources */ = {isa = PBXBuildFile; fileRef = 500752DE29855BD100AC5A7F /* IntentHandler.swift */; };
		500752ED29855E6900AC5A7F /* Bundle.swift in Sources */ = {isa = PBXBuildFile; fileRef = FE09922B28FFF50800E5046D /* Bundle.swift */; };
		500752EE29855E6D00AC5A7F /* String.swift in Sources */ = {isa = PBXBuildFile; fileRef = FE7DE4F4294A2EDC009BE6DB /* String.swift */; };
		500752F52985620A00AC5A7F /* WidgetViewModel.swift in Sources */ = {isa = PBXBuildFile; fileRef = 506538DF28FEA57400A0DDCC /* WidgetViewModel.swift */; };
		500752F62985620A00AC5A7F /* APIService.swift in Sources */ = {isa = PBXBuildFile; fileRef = 5038614928FD6EB900E16E13 /* APIService.swift */; };
		500752F72985620A00AC5A7F /* DefaultFonts.swift in Sources */ = {isa = PBXBuildFile; fileRef = FE7E785D29433F3900C57A1F /* DefaultFonts.swift */; };
		500752F92985620A00AC5A7F /* Structs.swift in Sources */ = {isa = PBXBuildFile; fileRef = 5038614D28FD81B700E16E13 /* Structs.swift */; };
		500752FB2985620A00AC5A7F /* Provider.swift in Sources */ = {isa = PBXBuildFile; fileRef = 5038614528FD509400E16E13 /* Provider.swift */; };
		500752FC2985622900AC5A7F /* ChipView.swift in Sources */ = {isa = PBXBuildFile; fileRef = FE9C416C293744B100EC2D53 /* ChipView.swift */; };
		500752FD2985622900AC5A7F /* NoFavoriteViewSmall.swift in Sources */ = {isa = PBXBuildFile; fileRef = FED3D5DD2968501400B7DEC4 /* NoFavoriteViewSmall.swift */; };
		500752FE2985622900AC5A7F /* DepartureTimesView.swift in Sources */ = {isa = PBXBuildFile; fileRef = 505D9ECD291537E500AEFF94 /* DepartureTimesView.swift */; };
		500752FF2985622900AC5A7F /* NoFavoriteViewMedium.swift in Sources */ = {isa = PBXBuildFile; fileRef = FED3D5DE2968501400B7DEC4 /* NoFavoriteViewMedium.swift */; };
		500753002985622900AC5A7F /* WidgetInfoView.swift in Sources */ = {isa = PBXBuildFile; fileRef = 50A14ED62918F97E00A661D9 /* WidgetInfoView.swift */; };
		500753012985624B00AC5A7F /* WidgetUpdater.swift in Sources */ = {isa = PBXBuildFile; fileRef = FEBDDCD02931065D00C3755B /* WidgetUpdater.swift */; };
		500753022985624B00AC5A7F /* LocationChangeManager.swift in Sources */ = {isa = PBXBuildFile; fileRef = 5038614B28FD750A00E16E13 /* LocationChangeManager.swift */; };
		5038614628FD509400E16E13 /* Provider.swift in Sources */ = {isa = PBXBuildFile; fileRef = 5038614528FD509400E16E13 /* Provider.swift */; };
		5038614A28FD6EB900E16E13 /* APIService.swift in Sources */ = {isa = PBXBuildFile; fileRef = 5038614928FD6EB900E16E13 /* APIService.swift */; };
		5038614C28FD750A00E16E13 /* LocationChangeManager.swift in Sources */ = {isa = PBXBuildFile; fileRef = 5038614B28FD750A00E16E13 /* LocationChangeManager.swift */; };
		5038614E28FD81B700E16E13 /* Structs.swift in Sources */ = {isa = PBXBuildFile; fileRef = 5038614D28FD81B700E16E13 /* Structs.swift */; };
		503D2E5A29674028002E0A6A /* BuildFile in Sources */ = {isa = PBXBuildFile; };
		503D2E5C2967436E002E0A6A /* BuildFile in Sources */ = {isa = PBXBuildFile; };
		50488981293F4B660016DD7A /* Localizable.strings in Resources */ = {isa = PBXBuildFile; fileRef = 50488983293F4B660016DD7A /* Localizable.strings */; };
		505D9ECE291537E500AEFF94 /* DepartureTimesView.swift in Sources */ = {isa = PBXBuildFile; fileRef = 505D9ECD291537E500AEFF94 /* DepartureTimesView.swift */; };
		506538E028FEA57400A0DDCC /* WidgetViewModel.swift in Sources */ = {isa = PBXBuildFile; fileRef = 506538DF28FEA57400A0DDCC /* WidgetViewModel.swift */; };
		50A14ED72918F97E00A661D9 /* WidgetInfoView.swift in Sources */ = {isa = PBXBuildFile; fileRef = 50A14ED62918F97E00A661D9 /* WidgetInfoView.swift */; };
		50AAE58229897C4A00BA7611 /* WidgetConfiguration.intentdefinition in Sources */ = {isa = PBXBuildFile; fileRef = 50AAE58529897C4A00BA7611 /* WidgetConfiguration.intentdefinition */; };
		50AAE58329897C4A00BA7611 /* WidgetConfiguration.intentdefinition in Sources */ = {isa = PBXBuildFile; fileRef = 50AAE58529897C4A00BA7611 /* WidgetConfiguration.intentdefinition */; };
		50AAE58829897F2E00BA7611 /* Localizable.strings in Resources */ = {isa = PBXBuildFile; fileRef = 50488983293F4B660016DD7A /* Localizable.strings */; };
		50F2C8F929895B27003A40B7 /* Storage.swift in Sources */ = {isa = PBXBuildFile; fileRef = FE09922828FFF47300E5046D /* Storage.swift */; };
		6DAA1D0A2A77D3EC00CC8016 /* PassKit.framework in Frameworks */ = {isa = PBXBuildFile; fileRef = 6DAA1D092A77D3EC00CC8016 /* PassKit.framework */; };
		6DB88ADA2A7A35A10060CC31 /* PassPresentationBridge.m in Sources */ = {isa = PBXBuildFile; fileRef = 6DB88AD92A7A35A10060CC31 /* PassPresentationBridge.m */; };
		6DB88ADC2A7A55570060CC31 /* PassPresentation.swift in Sources */ = {isa = PBXBuildFile; fileRef = 6DB88ADB2A7A55570060CC31 /* PassPresentation.swift */; };
		A1B2EBBAED425D9A597C8294 /* Pods_app.framework in Frameworks */ = {isa = PBXBuildFile; fileRef = E4189C266DDC08015840EBAA /* Pods_app.framework */; };
		C18256D729E9412DA315E055 /* Colors.xcassets in Resources */ = {isa = PBXBuildFile; fileRef = 80CBD2ACDD97450583702DEF /* Colors.xcassets */; };
		E6A5C3E919C3475F907B3CE4 /* Roboto-Regular.ttf in Resources */ = {isa = PBXBuildFile; fileRef = BB1D1B473A9C41A79687569C /* Roboto-Regular.ttf */; };
		F19471F4FCE444CF931BA221 /* Roboto-Bold.ttf in Resources */ = {isa = PBXBuildFile; fileRef = B59E90F341F04DB2B427E0EF /* Roboto-Bold.ttf */; };
		FE09922928FFF47300E5046D /* Storage.swift in Sources */ = {isa = PBXBuildFile; fileRef = FE09922828FFF47300E5046D /* Storage.swift */; };
		FE09922C28FFF50800E5046D /* Bundle.swift in Sources */ = {isa = PBXBuildFile; fileRef = FE09922B28FFF50800E5046D /* Bundle.swift */; };
		FE1DCA8D2BCD62EF00E6EA0D /* PrivacyInfo.xcprivacy in Resources */ = {isa = PBXBuildFile; fileRef = FE1DCA8C2BCD62EF00E6EA0D /* PrivacyInfo.xcprivacy */; };
		FE1DCA8E2BCD62EF00E6EA0D /* PrivacyInfo.xcprivacy in Resources */ = {isa = PBXBuildFile; fileRef = FE1DCA8C2BCD62EF00E6EA0D /* PrivacyInfo.xcprivacy */; };
		FE1DCA8F2BCD62EF00E6EA0D /* PrivacyInfo.xcprivacy in Resources */ = {isa = PBXBuildFile; fileRef = FE1DCA8C2BCD62EF00E6EA0D /* PrivacyInfo.xcprivacy */; };
		FE55264928EC45ED0091F697 /* WidgetKit.framework in Frameworks */ = {isa = PBXBuildFile; fileRef = FE55264828EC45ED0091F697 /* WidgetKit.framework */; };
		FE55264B28EC45ED0091F697 /* SwiftUI.framework in Frameworks */ = {isa = PBXBuildFile; fileRef = FE55264A28EC45ED0091F697 /* SwiftUI.framework */; };
		FE55264E28EC45ED0091F697 /* DepartureWidget.swift in Sources */ = {isa = PBXBuildFile; fileRef = FE55264D28EC45ED0091F697 /* DepartureWidget.swift */; };
		FE55265028EC45EE0091F697 /* Assets.xcassets in Resources */ = {isa = PBXBuildFile; fileRef = FE55264F28EC45EE0091F697 /* Assets.xcassets */; };
		FE55265428EC45EE0091F697 /* departureWidget.appex in Embed Foundation Extensions */ = {isa = PBXBuildFile; fileRef = FE55264728EC45ED0091F697 /* departureWidget.appex */; settings = {ATTRIBUTES = (RemoveHeadersOnCopy, ); }; };
		FE7DE4F5294A2EDC009BE6DB /* String.swift in Sources */ = {isa = PBXBuildFile; fileRef = FE7DE4F4294A2EDC009BE6DB /* String.swift */; };
		FE7E785F29433F3900C57A1F /* DefaultFonts.swift in Sources */ = {isa = PBXBuildFile; fileRef = FE7E785D29433F3900C57A1F /* DefaultFonts.swift */; };
		FE8BA01D2AEAF48A00E8CF1C /* KettleSDKExtension.m in Sources */ = {isa = PBXBuildFile; fileRef = FE8BA01C2AEAF48A00E8CF1C /* KettleSDKExtension.m */; };
		FE9A677C29426E57008921BD /* CoreLocation.framework in Frameworks */ = {isa = PBXBuildFile; fileRef = FE9A677B29426E57008921BD /* CoreLocation.framework */; };
		FE9C416D293744B100EC2D53 /* ChipView.swift in Sources */ = {isa = PBXBuildFile; fileRef = FE9C416C293744B100EC2D53 /* ChipView.swift */; };
		FEBDDCCD2931038400C3755B /* LocationChangeManager.swift in Sources */ = {isa = PBXBuildFile; fileRef = 5038614B28FD750A00E16E13 /* LocationChangeManager.swift */; };
		FEBDDCD12931065D00C3755B /* WidgetUpdater.swift in Sources */ = {isa = PBXBuildFile; fileRef = FEBDDCD02931065D00C3755B /* WidgetUpdater.swift */; };
		FEBDDCD22931065D00C3755B /* WidgetUpdater.swift in Sources */ = {isa = PBXBuildFile; fileRef = FEBDDCD02931065D00C3755B /* WidgetUpdater.swift */; };
		FEBDDCD3293107D500C3755B /* WidgetKit.framework in Frameworks */ = {isa = PBXBuildFile; fileRef = FE55264828EC45ED0091F697 /* WidgetKit.framework */; };
		FEBDDCDB29310DFE00C3755B /* WidgetUpdaterBridge.m in Sources */ = {isa = PBXBuildFile; fileRef = FEBDDCDA29310DFE00C3755B /* WidgetUpdaterBridge.m */; };
		FEBDDCDE2934D49700C3755B /* ChangeNativeBridge.m in Sources */ = {isa = PBXBuildFile; fileRef = FEBDDCDD2934D49600C3755B /* ChangeNativeBridge.m */; };
		FED3D5DF2968501400B7DEC4 /* NoFavoriteViewSmall.swift in Sources */ = {isa = PBXBuildFile; fileRef = FED3D5DD2968501400B7DEC4 /* NoFavoriteViewSmall.swift */; };
		FED3D5E02968501400B7DEC4 /* NoFavoriteViewMedium.swift in Sources */ = {isa = PBXBuildFile; fileRef = FED3D5DE2968501400B7DEC4 /* NoFavoriteViewMedium.swift */; };
		FEE4FE192AE6F08600E1821B /* BeaconsPermissions.swift in Sources */ = {isa = PBXBuildFile; fileRef = FEE4FE182AE6F08600E1821B /* BeaconsPermissions.swift */; };
		FEE4FE1B2AE6F0C200E1821B /* BeaconsPermissionsBridge.m in Sources */ = {isa = PBXBuildFile; fileRef = FEE4FE1A2AE6F0C200E1821B /* BeaconsPermissionsBridge.m */; };
/* End PBXBuildFile section */

/* Begin PBXContainerItemProxy section */
		500752E129855BD100AC5A7F /* PBXContainerItemProxy */ = {
			isa = PBXContainerItemProxy;
			containerPortal = 83CBB9F71A601CBA00E9B192 /* Project object */;
			proxyType = 1;
			remoteGlobalIDString = 500752D929855BD100AC5A7F;
			remoteInfo = AtbAppIntent;
		};
		FE55265228EC45EE0091F697 /* PBXContainerItemProxy */ = {
			isa = PBXContainerItemProxy;
			containerPortal = 83CBB9F71A601CBA00E9B192 /* Project object */;
			proxyType = 1;
			remoteGlobalIDString = FE55264628EC45ED0091F697;
			remoteInfo = departureWidgetExtension;
		};
/* End PBXContainerItemProxy section */

/* Begin PBXCopyFilesBuildPhase section */
		FE55265528EC45EE0091F697 /* Embed Foundation Extensions */ = {
			isa = PBXCopyFilesBuildPhase;
			buildActionMask = 2147483647;
			dstPath = "";
			dstSubfolderSpec = 13;
			files = (
				500752E329855BD100AC5A7F /* AtbAppIntent.appex in Embed Foundation Extensions */,
				FE55265428EC45EE0091F697 /* departureWidget.appex in Embed Foundation Extensions */,
			);
			name = "Embed Foundation Extensions";
			runOnlyForDeploymentPostprocessing = 0;
		};
/* End PBXCopyFilesBuildPhase section */

/* Begin PBXFileReference section */
		008F07F21AC5B25A0029DE68 /* main.jsbundle */ = {isa = PBXFileReference; fileEncoding = 4; lastKnownFileType = text; path = main.jsbundle; sourceTree = "<group>"; };
		0F1FBC3125CBDED600484CA4 /* AtB.entitlements */ = {isa = PBXFileReference; lastKnownFileType = text.plist.entitlements; name = AtB.entitlements; path = atb/AtB.entitlements; sourceTree = "<group>"; };
		0FAAF32624069EFC00267583 /* GoogleService-Info.plist */ = {isa = PBXFileReference; fileEncoding = 4; lastKnownFileType = text.plist.xml; name = "GoogleService-Info.plist"; path = "atb/GoogleService-Info.plist"; sourceTree = "<group>"; };
		0FF6825C247C33BC00FB80EE /* Intercom.plist */ = {isa = PBXFileReference; fileEncoding = 4; lastKnownFileType = text.plist.xml; name = Intercom.plist; path = atb/Intercom.plist; sourceTree = "<group>"; };
		0FF6825E247FE01600FB80EE /* BootSplash.storyboard */ = {isa = PBXFileReference; fileEncoding = 4; lastKnownFileType = file.storyboard; name = BootSplash.storyboard; path = atb/BootSplash.storyboard; sourceTree = "<group>"; };
		13B07F961A680F5B00A75B9A /* AtB.app */ = {isa = PBXFileReference; explicitFileType = wrapper.application; includeInIndex = 0; path = AtB.app; sourceTree = BUILT_PRODUCTS_DIR; };
		13B07FB21A68108700A75B9A /* Base */ = {isa = PBXFileReference; lastKnownFileType = file.xib; name = Base; path = Base.lproj/LaunchScreen.xib; sourceTree = "<group>"; };
		13B07FB51A68108700A75B9A /* Images.xcassets */ = {isa = PBXFileReference; lastKnownFileType = folder.assetcatalog; name = Images.xcassets; path = atb/Images.xcassets; sourceTree = "<group>"; };
		13B07FB61A68108700A75B9A /* Info.plist */ = {isa = PBXFileReference; fileEncoding = 4; lastKnownFileType = text.plist.xml; name = Info.plist; path = atb/Info.plist; sourceTree = "<group>"; };
		22CDD7992E682A4B009A6A01 /* AppDelegate.swift */ = {isa = PBXFileReference; lastKnownFileType = sourcecode.swift; path = AppDelegate.swift; sourceTree = "<group>"; };
		298D19482AEBC45E00065733 /* en */ = {isa = PBXFileReference; lastKnownFileType = text.plist.strings; name = en; path = en.lproj/InfoPlist.strings; sourceTree = "<group>"; };
		298D194A2AEBC45F00065733 /* nb */ = {isa = PBXFileReference; lastKnownFileType = text.plist.strings; name = nb; path = nb.lproj/InfoPlist.strings; sourceTree = "<group>"; };
		298D194B2AEBC55C00065733 /* nn */ = {isa = PBXFileReference; lastKnownFileType = text.plist.strings; name = nn; path = nn.lproj/InfoPlist.strings; sourceTree = "<group>"; };
		385EE0D2242C0AFC002E1272 /* enforce-bridge.swift */ = {isa = PBXFileReference; lastKnownFileType = sourcecode.swift; path = "enforce-bridge.swift"; sourceTree = "<group>"; };
		38CD326F254B612600C6B978 /* AtBRootView.m */ = {isa = PBXFileReference; lastKnownFileType = sourcecode.c.objc; name = AtBRootView.m; path = atb/AtBRootView.m; sourceTree = "<group>"; };
		38CD3275254B616300C6B978 /* AtBRootView.h */ = {isa = PBXFileReference; lastKnownFileType = sourcecode.c.h; name = AtBRootView.h; path = atb/AtBRootView.h; sourceTree = "<group>"; };
		38E33D0D242C0838003D56ED /* atb-Bridging-Header.h */ = {isa = PBXFileReference; lastKnownFileType = sourcecode.c.h; path = "atb-Bridging-Header.h"; sourceTree = SOURCE_ROOT; };
		38F348B52542D8120073C300 /* nb */ = {isa = PBXFileReference; lastKnownFileType = text.plist.strings; name = nb; path = nb.lproj/LaunchScreen.strings; sourceTree = "<group>"; };
		500752DA29855BD100AC5A7F /* AtbAppIntent.appex */ = {isa = PBXFileReference; explicitFileType = "wrapper.app-extension"; includeInIndex = 0; path = AtbAppIntent.appex; sourceTree = BUILT_PRODUCTS_DIR; };
		500752DB29855BD100AC5A7F /* Intents.framework */ = {isa = PBXFileReference; lastKnownFileType = wrapper.framework; name = Intents.framework; path = System/Library/Frameworks/Intents.framework; sourceTree = SDKROOT; };
		500752DE29855BD100AC5A7F /* IntentHandler.swift */ = {isa = PBXFileReference; lastKnownFileType = sourcecode.swift; path = IntentHandler.swift; sourceTree = "<group>"; };
		500752E029855BD100AC5A7F /* Info.plist */ = {isa = PBXFileReference; lastKnownFileType = text.plist.xml; path = Info.plist; sourceTree = "<group>"; };
		5038614528FD509400E16E13 /* Provider.swift */ = {isa = PBXFileReference; lastKnownFileType = sourcecode.swift; path = Provider.swift; sourceTree = "<group>"; };
		5038614928FD6EB900E16E13 /* APIService.swift */ = {isa = PBXFileReference; lastKnownFileType = sourcecode.swift; path = APIService.swift; sourceTree = "<group>"; };
		5038614B28FD750A00E16E13 /* LocationChangeManager.swift */ = {isa = PBXFileReference; lastKnownFileType = sourcecode.swift; path = LocationChangeManager.swift; sourceTree = "<group>"; };
		5038614D28FD81B700E16E13 /* Structs.swift */ = {isa = PBXFileReference; lastKnownFileType = sourcecode.swift; path = Structs.swift; sourceTree = "<group>"; };
		50488982293F4B660016DD7A /* en */ = {isa = PBXFileReference; lastKnownFileType = text.plist.strings; name = en; path = en.lproj/Localizable.strings; sourceTree = "<group>"; };
		50488984293F4B680016DD7A /* nb */ = {isa = PBXFileReference; lastKnownFileType = text.plist.strings; name = nb; path = nb.lproj/Localizable.strings; sourceTree = "<group>"; };
		5051B09328F4092200B8EA18 /* departureWidget.entitlements */ = {isa = PBXFileReference; lastKnownFileType = text.plist.entitlements; path = departureWidget.entitlements; sourceTree = "<group>"; };
		505D9ECD291537E500AEFF94 /* DepartureTimesView.swift */ = {isa = PBXFileReference; lastKnownFileType = sourcecode.swift; path = DepartureTimesView.swift; sourceTree = "<group>"; };
		506538DF28FEA57400A0DDCC /* WidgetViewModel.swift */ = {isa = PBXFileReference; lastKnownFileType = sourcecode.swift; path = WidgetViewModel.swift; sourceTree = "<group>"; };
		5088E47B6F16C4EEFCB8400E /* Pods-app.debug.xcconfig */ = {isa = PBXFileReference; includeInIndex = 1; lastKnownFileType = text.xcconfig; name = "Pods-app.debug.xcconfig"; path = "Target Support Files/Pods-app/Pods-app.debug.xcconfig"; sourceTree = "<group>"; };
		50A14ED62918F97E00A661D9 /* WidgetInfoView.swift */ = {isa = PBXFileReference; lastKnownFileType = sourcecode.swift; path = WidgetInfoView.swift; sourceTree = "<group>"; };
		50AAE56829896E3900BA7611 /* AtbAppIntentDebug.entitlements */ = {isa = PBXFileReference; lastKnownFileType = text.plist.entitlements; path = AtbAppIntentDebug.entitlements; sourceTree = "<group>"; };
		50AAE58429897C4A00BA7611 /* Base */ = {isa = PBXFileReference; lastKnownFileType = file.intentdefinition; name = Base; path = Base.lproj/WidgetConfiguration.intentdefinition; sourceTree = "<group>"; };
		50AAE58729897C4C00BA7611 /* nb */ = {isa = PBXFileReference; lastKnownFileType = text.plist.strings; name = nb; path = nb.lproj/WidgetConfiguration.strings; sourceTree = "<group>"; };
		673DB67A0282EABF645A373F /* Pods-app.release.xcconfig */ = {isa = PBXFileReference; includeInIndex = 1; lastKnownFileType = text.xcconfig; name = "Pods-app.release.xcconfig"; path = "Target Support Files/Pods-app/Pods-app.release.xcconfig"; sourceTree = "<group>"; };
		6DAA1D092A77D3EC00CC8016 /* PassKit.framework */ = {isa = PBXFileReference; lastKnownFileType = wrapper.framework; name = PassKit.framework; path = System/Library/Frameworks/PassKit.framework; sourceTree = SDKROOT; };
		6DB88AD82A7A33EE0060CC31 /* PassPresentationBridge.h */ = {isa = PBXFileReference; lastKnownFileType = sourcecode.c.h; path = PassPresentationBridge.h; sourceTree = "<group>"; };
		6DB88AD92A7A35A10060CC31 /* PassPresentationBridge.m */ = {isa = PBXFileReference; lastKnownFileType = sourcecode.c.objc; path = PassPresentationBridge.m; sourceTree = "<group>"; };
		6DB88ADB2A7A55570060CC31 /* PassPresentation.swift */ = {isa = PBXFileReference; lastKnownFileType = sourcecode.swift; path = PassPresentation.swift; sourceTree = "<group>"; };
		80CBD2ACDD97450583702DEF /* Colors.xcassets */ = {isa = PBXFileReference; explicitFileType = undefined; fileEncoding = 9; includeInIndex = 0; lastKnownFileType = folder.assetcatalog; name = Colors.xcassets; path = atb/Colors.xcassets; sourceTree = "<group>"; };
		B59E90F341F04DB2B427E0EF /* Roboto-Bold.ttf */ = {isa = PBXFileReference; explicitFileType = undefined; fileEncoding = 9; includeInIndex = 0; lastKnownFileType = unknown; name = "Roboto-Bold.ttf"; path = "../assets/fonts/Roboto-Bold.ttf"; sourceTree = "<group>"; };
		BB1D1B473A9C41A79687569C /* Roboto-Regular.ttf */ = {isa = PBXFileReference; explicitFileType = undefined; fileEncoding = 9; includeInIndex = 0; lastKnownFileType = unknown; name = "Roboto-Regular.ttf"; path = "../assets/fonts/Roboto-Regular.ttf"; sourceTree = "<group>"; };
		E4189C266DDC08015840EBAA /* Pods_app.framework */ = {isa = PBXFileReference; explicitFileType = wrapper.framework; includeInIndex = 0; path = Pods_app.framework; sourceTree = BUILT_PRODUCTS_DIR; };
		ED297162215061F000B7C4FE /* JavaScriptCore.framework */ = {isa = PBXFileReference; lastKnownFileType = wrapper.framework; name = JavaScriptCore.framework; path = System/Library/Frameworks/JavaScriptCore.framework; sourceTree = SDKROOT; };
		FE09922828FFF47300E5046D /* Storage.swift */ = {isa = PBXFileReference; lastKnownFileType = sourcecode.swift; path = Storage.swift; sourceTree = "<group>"; };
		FE09922B28FFF50800E5046D /* Bundle.swift */ = {isa = PBXFileReference; lastKnownFileType = sourcecode.swift; path = Bundle.swift; sourceTree = "<group>"; };
		FE1DCA8C2BCD62EF00E6EA0D /* PrivacyInfo.xcprivacy */ = {isa = PBXFileReference; lastKnownFileType = text.xml; path = PrivacyInfo.xcprivacy; sourceTree = "<group>"; };
		FE55264728EC45ED0091F697 /* departureWidget.appex */ = {isa = PBXFileReference; explicitFileType = "wrapper.app-extension"; includeInIndex = 0; path = departureWidget.appex; sourceTree = BUILT_PRODUCTS_DIR; };
		FE55264828EC45ED0091F697 /* WidgetKit.framework */ = {isa = PBXFileReference; lastKnownFileType = wrapper.framework; name = WidgetKit.framework; path = System/Library/Frameworks/WidgetKit.framework; sourceTree = SDKROOT; };
		FE55264A28EC45ED0091F697 /* SwiftUI.framework */ = {isa = PBXFileReference; lastKnownFileType = wrapper.framework; name = SwiftUI.framework; path = System/Library/Frameworks/SwiftUI.framework; sourceTree = SDKROOT; };
		FE55264D28EC45ED0091F697 /* DepartureWidget.swift */ = {isa = PBXFileReference; lastKnownFileType = sourcecode.swift; path = DepartureWidget.swift; sourceTree = "<group>"; };
		FE55264F28EC45EE0091F697 /* Assets.xcassets */ = {isa = PBXFileReference; lastKnownFileType = folder.assetcatalog; path = Assets.xcassets; sourceTree = "<group>"; };
		FE55265128EC45EE0091F697 /* Info.plist */ = {isa = PBXFileReference; lastKnownFileType = text.plist.xml; path = Info.plist; sourceTree = "<group>"; };
		FE7DE4F4294A2EDC009BE6DB /* String.swift */ = {isa = PBXFileReference; lastKnownFileType = sourcecode.swift; path = String.swift; sourceTree = "<group>"; };
		FE7E785D29433F3900C57A1F /* DefaultFonts.swift */ = {isa = PBXFileReference; lastKnownFileType = sourcecode.swift; path = DefaultFonts.swift; sourceTree = "<group>"; };
		FE8007B6299FAA2500A46FF8 /* AtbAppIntentRelease.entitlements */ = {isa = PBXFileReference; lastKnownFileType = text.plist.entitlements; path = AtbAppIntentRelease.entitlements; sourceTree = "<group>"; };
		FE8186AD297593DA000D2195 /* Debug.xcconfig */ = {isa = PBXFileReference; fileEncoding = 4; lastKnownFileType = text.xcconfig; path = Debug.xcconfig; sourceTree = "<group>"; };
		FE8186AE297593DA000D2195 /* Release.xcconfig */ = {isa = PBXFileReference; fileEncoding = 4; lastKnownFileType = text.xcconfig; path = Release.xcconfig; sourceTree = "<group>"; };
		FE8186AF297593DA000D2195 /* Config.xcconfig */ = {isa = PBXFileReference; fileEncoding = 4; lastKnownFileType = text.xcconfig; path = Config.xcconfig; sourceTree = "<group>"; };
		FE8AF9EC28EC69FA00505277 /* departureWidgetDebug.entitlements */ = {isa = PBXFileReference; lastKnownFileType = text.plist.entitlements; path = departureWidgetDebug.entitlements; sourceTree = "<group>"; };
		FE8AF9ED28EC6A0400505277 /* atbDebug.entitlements */ = {isa = PBXFileReference; lastKnownFileType = text.plist.entitlements; name = atbDebug.entitlements; path = atb/atbDebug.entitlements; sourceTree = "<group>"; };
		FE8BA01B2AEAF48A00E8CF1C /* KettleSDKExtension.h */ = {isa = PBXFileReference; lastKnownFileType = sourcecode.c.h; path = KettleSDKExtension.h; sourceTree = "<group>"; };
		FE8BA01C2AEAF48A00E8CF1C /* KettleSDKExtension.m */ = {isa = PBXFileReference; lastKnownFileType = sourcecode.c.objc; path = KettleSDKExtension.m; sourceTree = "<group>"; };
		FE9A677B29426E57008921BD /* CoreLocation.framework */ = {isa = PBXFileReference; lastKnownFileType = wrapper.framework; name = CoreLocation.framework; path = System/Library/Frameworks/CoreLocation.framework; sourceTree = SDKROOT; };
		FE9C416C293744B100EC2D53 /* ChipView.swift */ = {isa = PBXFileReference; lastKnownFileType = sourcecode.swift; path = ChipView.swift; sourceTree = "<group>"; };
		FEBDDCD02931065D00C3755B /* WidgetUpdater.swift */ = {isa = PBXFileReference; lastKnownFileType = sourcecode.swift; path = WidgetUpdater.swift; sourceTree = "<group>"; };
		FEBDDCD929310DFE00C3755B /* WidgetUpdaterBridge.h */ = {isa = PBXFileReference; fileEncoding = 4; lastKnownFileType = sourcecode.c.h; path = WidgetUpdaterBridge.h; sourceTree = "<group>"; };
		FEBDDCDA29310DFE00C3755B /* WidgetUpdaterBridge.m */ = {isa = PBXFileReference; fileEncoding = 4; lastKnownFileType = sourcecode.c.objc; path = WidgetUpdaterBridge.m; sourceTree = "<group>"; };
		FEBDDCDC2934D49600C3755B /* ChangeNativeBridge.h */ = {isa = PBXFileReference; fileEncoding = 4; lastKnownFileType = sourcecode.c.h; path = ChangeNativeBridge.h; sourceTree = "<group>"; };
		FEBDDCDD2934D49600C3755B /* ChangeNativeBridge.m */ = {isa = PBXFileReference; fileEncoding = 4; lastKnownFileType = sourcecode.c.objc; path = ChangeNativeBridge.m; sourceTree = "<group>"; };
		FED22488286F06AC0049ECE3 /* CoreNFC.framework */ = {isa = PBXFileReference; lastKnownFileType = wrapper.framework; name = CoreNFC.framework; path = System/Library/Frameworks/CoreNFC.framework; sourceTree = SDKROOT; };
		FED3D5DD2968501400B7DEC4 /* NoFavoriteViewSmall.swift */ = {isa = PBXFileReference; fileEncoding = 4; lastKnownFileType = sourcecode.swift; path = NoFavoriteViewSmall.swift; sourceTree = "<group>"; };
		FED3D5DE2968501400B7DEC4 /* NoFavoriteViewMedium.swift */ = {isa = PBXFileReference; fileEncoding = 4; lastKnownFileType = sourcecode.swift; path = NoFavoriteViewMedium.swift; sourceTree = "<group>"; };
		FEE4FE182AE6F08600E1821B /* BeaconsPermissions.swift */ = {isa = PBXFileReference; lastKnownFileType = sourcecode.swift; path = BeaconsPermissions.swift; sourceTree = "<group>"; };
		FEE4FE1A2AE6F0C200E1821B /* BeaconsPermissionsBridge.m */ = {isa = PBXFileReference; lastKnownFileType = sourcecode.c.objc; path = BeaconsPermissionsBridge.m; sourceTree = "<group>"; };
/* End PBXFileReference section */

/* Begin PBXFrameworksBuildPhase section */
		13B07F8C1A680F5B00A75B9A /* Frameworks */ = {
			isa = PBXFrameworksBuildPhase;
			buildActionMask = 2147483647;
			files = (
				6DAA1D0A2A77D3EC00CC8016 /* PassKit.framework in Frameworks */,
				FEBDDCD3293107D500C3755B /* WidgetKit.framework in Frameworks */,
				A1B2EBBAED425D9A597C8294 /* Pods_app.framework in Frameworks */,
			);
			runOnlyForDeploymentPostprocessing = 0;
		};
		500752D729855BD100AC5A7F /* Frameworks */ = {
			isa = PBXFrameworksBuildPhase;
			buildActionMask = 2147483647;
			files = (
				500752DC29855BD100AC5A7F /* Intents.framework in Frameworks */,
			);
			runOnlyForDeploymentPostprocessing = 0;
		};
		FE55264428EC45ED0091F697 /* Frameworks */ = {
			isa = PBXFrameworksBuildPhase;
			buildActionMask = 2147483647;
			files = (
				FE9A677C29426E57008921BD /* CoreLocation.framework in Frameworks */,
				FE55264B28EC45ED0091F697 /* SwiftUI.framework in Frameworks */,
				FE55264928EC45ED0091F697 /* WidgetKit.framework in Frameworks */,
			);
			runOnlyForDeploymentPostprocessing = 0;
		};
/* End PBXFrameworksBuildPhase section */

/* Begin PBXGroup section */
		0B6EC565A60F00EFC6224A05 /* Pods */ = {
			isa = PBXGroup;
			children = (
				5088E47B6F16C4EEFCB8400E /* Pods-app.debug.xcconfig */,
				673DB67A0282EABF645A373F /* Pods-app.release.xcconfig */,
			);
			path = Pods;
			sourceTree = "<group>";
		};
		13B07FAE1A68108700A75B9A /* atb */ = {
			isa = PBXGroup;
			children = (
				22CDD7992E682A4B009A6A01 /* AppDelegate.swift */,
				0F1FBC3125CBDED600484CA4 /* AtB.entitlements */,
				FE8AF9ED28EC6A0400505277 /* atbDebug.entitlements */,
				38E33D0D242C0838003D56ED /* atb-Bridging-Header.h */,
				38CD3275254B616300C6B978 /* AtBRootView.h */,
				008F07F21AC5B25A0029DE68 /* main.jsbundle */,
				38CD326F254B612600C6B978 /* AtBRootView.m */,
				0FAAF32624069EFC00267583 /* GoogleService-Info.plist */,
				13B07FB61A68108700A75B9A /* Info.plist */,
				FE1DCA8C2BCD62EF00E6EA0D /* PrivacyInfo.xcprivacy */,
				0FF6825C247C33BC00FB80EE /* Intercom.plist */,
				0FF6825E247FE01600FB80EE /* BootSplash.storyboard */,
				385EE0D2242C0AFC002E1272 /* enforce-bridge.swift */,
				13B07FB51A68108700A75B9A /* Images.xcassets */,
				FEBDDCD829310DCB00C3755B /* BridgeModules */,
				FE8186AC297593DA000D2195 /* Configs */,
				13B07FB11A68108700A75B9A /* LaunchScreen.xib */,
				298D19492AEBC45E00065733 /* InfoPlist.strings */,
				80CBD2ACDD97450583702DEF /* Colors.xcassets */,
			);
			name = atb;
			sourceTree = "<group>";
		};
		2D16E6871FA4F8E400B85C8A /* Frameworks */ = {
			isa = PBXGroup;
			children = (
				6DAA1D092A77D3EC00CC8016 /* PassKit.framework */,
				FE9A677B29426E57008921BD /* CoreLocation.framework */,
				FED22488286F06AC0049ECE3 /* CoreNFC.framework */,
				ED297162215061F000B7C4FE /* JavaScriptCore.framework */,
				FE55264A28EC45ED0091F697 /* SwiftUI.framework */,
				FE55264828EC45ED0091F697 /* WidgetKit.framework */,
				500752DB29855BD100AC5A7F /* Intents.framework */,
				E4189C266DDC08015840EBAA /* Pods_app.framework */,
			);
			name = Frameworks;
			sourceTree = "<group>";
		};
		42EE9D51FBCE481696E959A2 /* Resources */ = {
			isa = PBXGroup;
			children = (
				B59E90F341F04DB2B427E0EF /* Roboto-Bold.ttf */,
				BB1D1B473A9C41A79687569C /* Roboto-Regular.ttf */,
			);
			name = Resources;
			sourceTree = "<group>";
		};
		500752DD29855BD100AC5A7F /* AtbAppIntent */ = {
			isa = PBXGroup;
			children = (
				50AAE56829896E3900BA7611 /* AtbAppIntentDebug.entitlements */,
				FE8007B6299FAA2500A46FF8 /* AtbAppIntentRelease.entitlements */,
				500752E029855BD100AC5A7F /* Info.plist */,
				500752DE29855BD100AC5A7F /* IntentHandler.swift */,
			);
			path = AtbAppIntent;
			sourceTree = "<group>";
		};
		50A14EDA2918FAB600A661D9 /* Views */ = {
			isa = PBXGroup;
			children = (
				FE9C416C293744B100EC2D53 /* ChipView.swift */,
				505D9ECD291537E500AEFF94 /* DepartureTimesView.swift */,
				FED3D5DE2968501400B7DEC4 /* NoFavoriteViewMedium.swift */,
				FED3D5DD2968501400B7DEC4 /* NoFavoriteViewSmall.swift */,
				50A14ED62918F97E00A661D9 /* WidgetInfoView.swift */,
			);
			path = Views;
			sourceTree = "<group>";
		};
		83CBB9F61A601CBA00E9B192 = {
			isa = PBXGroup;
			children = (
				5051B09328F4092200B8EA18 /* departureWidget.entitlements */,
				FE8AF9EC28EC69FA00505277 /* departureWidgetDebug.entitlements */,
				13B07FAE1A68108700A75B9A /* atb */,
				FE55264C28EC45ED0091F697 /* departureWidget */,
				500752DD29855BD100AC5A7F /* AtbAppIntent */,
				2D16E6871FA4F8E400B85C8A /* Frameworks */,
				83CBBA001A601CBA00E9B192 /* Products */,
				42EE9D51FBCE481696E959A2 /* Resources */,
				FEBDDCCC2931035E00C3755B /* Shared */,
				0B6EC565A60F00EFC6224A05 /* Pods */,
			);
			indentWidth = 2;
			sourceTree = "<group>";
			tabWidth = 2;
			usesTabs = 0;
		};
		83CBBA001A601CBA00E9B192 /* Products */ = {
			isa = PBXGroup;
			children = (
				13B07F961A680F5B00A75B9A /* AtB.app */,
				FE55264728EC45ED0091F697 /* departureWidget.appex */,
				500752DA29855BD100AC5A7F /* AtbAppIntent.appex */,
			);
			name = Products;
			sourceTree = "<group>";
		};
		FE09922A28FFF4F000E5046D /* Extensions */ = {
			isa = PBXGroup;
			children = (
				FE09922B28FFF50800E5046D /* Bundle.swift */,
				FE7DE4F4294A2EDC009BE6DB /* String.swift */,
			);
			path = Extensions;
			sourceTree = "<group>";
		};
		FE55264C28EC45ED0091F697 /* departureWidget */ = {
			isa = PBXGroup;
			children = (
				FE55265128EC45EE0091F697 /* Info.plist */,
				5038614928FD6EB900E16E13 /* APIService.swift */,
				FE7E785D29433F3900C57A1F /* DefaultFonts.swift */,
				FE55264D28EC45ED0091F697 /* DepartureWidget.swift */,
				5038614528FD509400E16E13 /* Provider.swift */,
				FE09922828FFF47300E5046D /* Storage.swift */,
				5038614D28FD81B700E16E13 /* Structs.swift */,
				506538DF28FEA57400A0DDCC /* WidgetViewModel.swift */,
				FE55264F28EC45EE0091F697 /* Assets.xcassets */,
				FE09922A28FFF4F000E5046D /* Extensions */,
				50488983293F4B660016DD7A /* Localizable.strings */,
				50A14EDA2918FAB600A661D9 /* Views */,
				50AAE58529897C4A00BA7611 /* WidgetConfiguration.intentdefinition */,
			);
			path = departureWidget;
			sourceTree = "<group>";
		};
		FE8186AC297593DA000D2195 /* Configs */ = {
			isa = PBXGroup;
			children = (
				FE8186AF297593DA000D2195 /* Config.xcconfig */,
				FE8186AD297593DA000D2195 /* Debug.xcconfig */,
				FE8186AE297593DA000D2195 /* Release.xcconfig */,
			);
			path = Configs;
			sourceTree = "<group>";
		};
		FEBDDCCC2931035E00C3755B /* Shared */ = {
			isa = PBXGroup;
			children = (
				FEE4FE182AE6F08600E1821B /* BeaconsPermissions.swift */,
				5038614B28FD750A00E16E13 /* LocationChangeManager.swift */,
				6DB88ADB2A7A55570060CC31 /* PassPresentation.swift */,
				FEBDDCD02931065D00C3755B /* WidgetUpdater.swift */,
			);
			path = Shared;
			sourceTree = "<group>";
		};
		FEBDDCD829310DCB00C3755B /* BridgeModules */ = {
			isa = PBXGroup;
			children = (
				FEE4FE1A2AE6F0C200E1821B /* BeaconsPermissionsBridge.m */,
				FEBDDCDC2934D49600C3755B /* ChangeNativeBridge.h */,
				FEBDDCDD2934D49600C3755B /* ChangeNativeBridge.m */,
				FE8BA01B2AEAF48A00E8CF1C /* KettleSDKExtension.h */,
				FE8BA01C2AEAF48A00E8CF1C /* KettleSDKExtension.m */,
				6DB88AD82A7A33EE0060CC31 /* PassPresentationBridge.h */,
				6DB88AD92A7A35A10060CC31 /* PassPresentationBridge.m */,
				FEBDDCD929310DFE00C3755B /* WidgetUpdaterBridge.h */,
				FEBDDCDA29310DFE00C3755B /* WidgetUpdaterBridge.m */,
			);
			path = BridgeModules;
			sourceTree = "<group>";
		};
/* End PBXGroup section */

/* Begin PBXNativeTarget section */
		13B07F861A680F5B00A75B9A /* app */ = {
			isa = PBXNativeTarget;
			buildConfigurationList = 13B07F931A680F5B00A75B9A /* Build configuration list for PBXNativeTarget "app" */;
			buildPhases = (
				E8EC88D0DE4D073BFDDBD8DF /* [CP] Check Pods Manifest.lock */,
				13B07F871A680F5B00A75B9A /* Sources */,
				13B07F8C1A680F5B00A75B9A /* Frameworks */,
				13B07F8E1A680F5B00A75B9A /* Resources */,
				00DD1BFF1BD5951E006B06BC /* Bundle React Native code and images */,
				FE55265528EC45EE0091F697 /* Embed Foundation Extensions */,
				FE3B601729239F7D006FE71D /* Swift Lint */,
				39DC731590144942FF7673C9 /* [CP] Embed Pods Frameworks */,
				2DB4BF2E4CCAAD4AB735D8E4 /* [CP] Copy Pods Resources */,
				A152EC4D348EB6906B2B32B7 /* [CP-User] [RNFB] Core Configuration */,
			);
			buildRules = (
			);
			dependencies = (
				FE55265328EC45EE0091F697 /* PBXTargetDependency */,
				500752E229855BD100AC5A7F /* PBXTargetDependency */,
			);
			name = app;
			productName = atb;
			productReference = 13B07F961A680F5B00A75B9A /* AtB.app */;
			productType = "com.apple.product-type.application";
		};
		500752D929855BD100AC5A7F /* AtbAppIntent */ = {
			isa = PBXNativeTarget;
			buildConfigurationList = 500752E429855BD100AC5A7F /* Build configuration list for PBXNativeTarget "AtbAppIntent" */;
			buildPhases = (
				500752D629855BD100AC5A7F /* Sources */,
				500752D729855BD100AC5A7F /* Frameworks */,
				500752D829855BD100AC5A7F /* Resources */,
			);
			buildRules = (
			);
			dependencies = (
			);
			name = AtbAppIntent;
			productName = AtbAppIntent;
			productReference = 500752DA29855BD100AC5A7F /* AtbAppIntent.appex */;
			productType = "com.apple.product-type.app-extension";
		};
		FE55264628EC45ED0091F697 /* departureWidget */ = {
			isa = PBXNativeTarget;
			buildConfigurationList = FE55265828EC45EE0091F697 /* Build configuration list for PBXNativeTarget "departureWidget" */;
			buildPhases = (
				FE55264328EC45ED0091F697 /* Sources */,
				FE55264428EC45ED0091F697 /* Frameworks */,
				FE55264528EC45ED0091F697 /* Resources */,
			);
			buildRules = (
			);
			dependencies = (
			);
			name = departureWidget;
			productName = departureWidgetExtension;
			productReference = FE55264728EC45ED0091F697 /* departureWidget.appex */;
			productType = "com.apple.product-type.app-extension";
		};
/* End PBXNativeTarget section */

/* Begin PBXProject section */
		83CBB9F71A601CBA00E9B192 /* Project object */ = {
			isa = PBXProject;
			attributes = {
				LastSwiftUpdateCheck = 1420;
				LastUpgradeCheck = 1210;
				ORGANIZATIONNAME = "";
				TargetAttributes = {
					13B07F861A680F5B00A75B9A = {
						LastSwiftMigration = 1120;
					};
					500752D929855BD100AC5A7F = {
						CreatedOnToolsVersion = 14.2;
					};
					FE55264628EC45ED0091F697 = {
						CreatedOnToolsVersion = 14.0.1;
					};
				};
			};
			buildConfigurationList = 83CBB9FA1A601CBA00E9B192 /* Build configuration list for PBXProject "atb" */;
			compatibilityVersion = "Xcode 12.0";
			developmentRegion = en;
			hasScannedForEncodings = 0;
			knownRegions = (
				en,
				Base,
				nb,
				nn,
			);
			mainGroup = 83CBB9F61A601CBA00E9B192;
			productRefGroup = 83CBBA001A601CBA00E9B192 /* Products */;
			projectDirPath = "";
			projectRoot = "";
			targets = (
				13B07F861A680F5B00A75B9A /* app */,
				FE55264628EC45ED0091F697 /* departureWidget */,
				500752D929855BD100AC5A7F /* AtbAppIntent */,
			);
		};
/* End PBXProject section */

/* Begin PBXResourcesBuildPhase section */
		13B07F8E1A680F5B00A75B9A /* Resources */ = {
			isa = PBXResourcesBuildPhase;
			buildActionMask = 2147483647;
			files = (
				13B07FBF1A68108700A75B9A /* Images.xcassets in Resources */,
				298D19472AEBC45E00065733 /* InfoPlist.strings in Resources */,
				0FF6825D247C33BC00FB80EE /* Intercom.plist in Resources */,
				FE1DCA8D2BCD62EF00E6EA0D /* PrivacyInfo.xcprivacy in Resources */,
				13B07FBD1A68108700A75B9A /* LaunchScreen.xib in Resources */,
				0FAAF32724069EFC00267583 /* GoogleService-Info.plist in Resources */,
				0FF6825F247FE01600FB80EE /* BootSplash.storyboard in Resources */,
				F19471F4FCE444CF931BA221 /* Roboto-Bold.ttf in Resources */,
				E6A5C3E919C3475F907B3CE4 /* Roboto-Regular.ttf in Resources */,
				C18256D729E9412DA315E055 /* Colors.xcassets in Resources */,
			);
			runOnlyForDeploymentPostprocessing = 0;
		};
		500752D829855BD100AC5A7F /* Resources */ = {
			isa = PBXResourcesBuildPhase;
			buildActionMask = 2147483647;
			files = (
				FE1DCA8F2BCD62EF00E6EA0D /* PrivacyInfo.xcprivacy in Resources */,
				50AAE58829897F2E00BA7611 /* Localizable.strings in Resources */,
			);
			runOnlyForDeploymentPostprocessing = 0;
		};
		FE55264528EC45ED0091F697 /* Resources */ = {
			isa = PBXResourcesBuildPhase;
			buildActionMask = 2147483647;
			files = (
				FE1DCA8E2BCD62EF00E6EA0D /* PrivacyInfo.xcprivacy in Resources */,
				FE55265028EC45EE0091F697 /* Assets.xcassets in Resources */,
				50488981293F4B660016DD7A /* Localizable.strings in Resources */,
			);
			runOnlyForDeploymentPostprocessing = 0;
		};
/* End PBXResourcesBuildPhase section */

/* Begin PBXShellScriptBuildPhase section */
		00DD1BFF1BD5951E006B06BC /* Bundle React Native code and images */ = {
			isa = PBXShellScriptBuildPhase;
			buildActionMask = 2147483647;
			files = (
			);
			inputPaths = (
			);
			name = "Bundle React Native code and images";
			outputPaths = (
			);
			runOnlyForDeploymentPostprocessing = 0;
			shellPath = /bin/sh;
			shellScript = "set -e\n\nWITH_ENVIRONMENT=\"$REACT_NATIVE_PATH/scripts/xcode/with-environment.sh\"\nREACT_NATIVE_XCODE=\"$REACT_NATIVE_PATH/scripts/react-native-xcode.sh\"\n\n/bin/sh -c \"$WITH_ENVIRONMENT $REACT_NATIVE_XCODE\"\n";
		};
		2DB4BF2E4CCAAD4AB735D8E4 /* [CP] Copy Pods Resources */ = {
			isa = PBXShellScriptBuildPhase;
			buildActionMask = 2147483647;
			files = (
			);
			inputFileListPaths = (
				"${PODS_ROOT}/Target Support Files/Pods-app/Pods-app-resources-${CONFIGURATION}-input-files.xcfilelist",
			);
			name = "[CP] Copy Pods Resources";
			outputFileListPaths = (
				"${PODS_ROOT}/Target Support Files/Pods-app/Pods-app-resources-${CONFIGURATION}-output-files.xcfilelist",
			);
			runOnlyForDeploymentPostprocessing = 0;
			shellPath = /bin/sh;
			shellScript = "\"${PODS_ROOT}/Target Support Files/Pods-app/Pods-app-resources.sh\"\n";
			showEnvVarsInLog = 0;
		};
		39DC731590144942FF7673C9 /* [CP] Embed Pods Frameworks */ = {
			isa = PBXShellScriptBuildPhase;
			buildActionMask = 2147483647;
			files = (
			);
			inputFileListPaths = (
				"${PODS_ROOT}/Target Support Files/Pods-app/Pods-app-frameworks-${CONFIGURATION}-input-files.xcfilelist",
			);
			name = "[CP] Embed Pods Frameworks";
			outputFileListPaths = (
				"${PODS_ROOT}/Target Support Files/Pods-app/Pods-app-frameworks-${CONFIGURATION}-output-files.xcfilelist",
			);
			runOnlyForDeploymentPostprocessing = 0;
			shellPath = /bin/sh;
			shellScript = "\"${PODS_ROOT}/Target Support Files/Pods-app/Pods-app-frameworks.sh\"\n";
			showEnvVarsInLog = 0;
		};
		A152EC4D348EB6906B2B32B7 /* [CP-User] [RNFB] Core Configuration */ = {
			isa = PBXShellScriptBuildPhase;
			buildActionMask = 2147483647;
			files = (
			);
			inputPaths = (
				"$(BUILT_PRODUCTS_DIR)/$(INFOPLIST_PATH)",
			);
			name = "[CP-User] [RNFB] Core Configuration";
			runOnlyForDeploymentPostprocessing = 0;
			shellPath = /bin/sh;
			shellScript = "#!/usr/bin/env bash\n#\n# Copyright (c) 2016-present Invertase Limited & Contributors\n#\n# Licensed under the Apache License, Version 2.0 (the \"License\");\n# you may not use this library except in compliance with the License.\n# You may obtain a copy of the License at\n#\n#   http://www.apache.org/licenses/LICENSE-2.0\n#\n# Unless required by applicable law or agreed to in writing, software\n# distributed under the License is distributed on an \"AS IS\" BASIS,\n# WITHOUT WARRANTIES OR CONDITIONS OF ANY KIND, either express or implied.\n# See the License for the specific language governing permissions and\n# limitations under the License.\n#\n\n##########################################################################\n##########################################################################\n#\n#  NOTE THAT IF YOU CHANGE THIS FILE YOU MUST RUN pod install AFTERWARDS\n#\n#  This file is installed as an Xcode build script in the project file\n#  by cocoapods, and you will not see your changes until you pod install\n#\n##########################################################################\n##########################################################################\n\nset -e\n\n_MAX_LOOKUPS=2;\n_SEARCH_RESULT=''\n_RN_ROOT_EXISTS=''\n_CURRENT_LOOKUPS=1\n_JSON_ROOT=\"'react-native'\"\n_JSON_FILE_NAME='firebase.json'\n_JSON_OUTPUT_BASE64='e30=' # { }\n_CURRENT_SEARCH_DIR=${PROJECT_DIR}\n_PLIST_BUDDY=/usr/libexec/PlistBuddy\n_TARGET_PLIST=\"${BUILT_PRODUCTS_DIR}/${INFOPLIST_PATH}\"\n_DSYM_PLIST=\"${DWARF_DSYM_FOLDER_PATH}/${DWARF_DSYM_FILE_NAME}/Contents/Info.plist\"\n\n# plist arrays\n_PLIST_ENTRY_KEYS=()\n_PLIST_ENTRY_TYPES=()\n_PLIST_ENTRY_VALUES=()\n\nfunction setPlistValue {\n  echo \"info:      setting plist entry '$1' of type '$2' in file '$4'\"\n  ${_PLIST_BUDDY} -c \"Add :$1 $2 '$3'\" $4 || echo \"info:      '$1' already exists\"\n}\n\nfunction getFirebaseJsonKeyValue () {\n  if [[ ${_RN_ROOT_EXISTS} ]]; then\n    ruby -Ku -e \"require 'rubygems';require 'json'; output=JSON.parse('$1'); puts output[$_JSON_ROOT]['$2']\"\n  else\n    echo \"\"\n  fi;\n}\n\nfunction jsonBoolToYesNo () {\n  if [[ $1 == \"false\" ]]; then\n    echo \"NO\"\n  elif [[ $1 == \"true\" ]]; then\n    echo \"YES\"\n  else echo \"NO\"\n  fi\n}\n\necho \"info: -> RNFB build script started\"\necho \"info: 1) Locating ${_JSON_FILE_NAME} file:\"\n\nif [[ -z ${_CURRENT_SEARCH_DIR} ]]; then\n  _CURRENT_SEARCH_DIR=$(pwd)\nfi;\n\nwhile true; do\n  _CURRENT_SEARCH_DIR=$(dirname \"$_CURRENT_SEARCH_DIR\")\n  if [[ \"$_CURRENT_SEARCH_DIR\" == \"/\" ]] || [[ ${_CURRENT_LOOKUPS} -gt ${_MAX_LOOKUPS} ]]; then break; fi;\n  echo \"info:      ($_CURRENT_LOOKUPS of $_MAX_LOOKUPS) Searching in '$_CURRENT_SEARCH_DIR' for a ${_JSON_FILE_NAME} file.\"\n  _SEARCH_RESULT=$(find \"$_CURRENT_SEARCH_DIR\" -maxdepth 2 -name ${_JSON_FILE_NAME} -print | /usr/bin/head -n 1)\n  if [[ ${_SEARCH_RESULT} ]]; then\n    echo \"info:      ${_JSON_FILE_NAME} found at $_SEARCH_RESULT\"\n    break;\n  fi;\n  _CURRENT_LOOKUPS=$((_CURRENT_LOOKUPS+1))\ndone\n\nif [[ ${_SEARCH_RESULT} ]]; then\n  _JSON_OUTPUT_RAW=$(cat \"${_SEARCH_RESULT}\")\n  _RN_ROOT_EXISTS=$(ruby -Ku -e \"require 'rubygems';require 'json'; output=JSON.parse('$_JSON_OUTPUT_RAW'); puts output[$_JSON_ROOT]\" || echo '')\n\n  if [[ ${_RN_ROOT_EXISTS} ]]; then\n    if ! python3 --version >/dev/null 2>&1; then echo \"python3 not found, firebase.json file processing error.\" && exit 1; fi\n    _JSON_OUTPUT_BASE64=$(python3 -c 'import json,sys,base64;print(base64.b64encode(bytes(json.dumps(json.loads(open('\"'${_SEARCH_RESULT}'\"', '\"'rb'\"').read())['${_JSON_ROOT}']), '\"'utf-8'\"')).decode())' || echo \"e30=\")\n  fi\n\n  _PLIST_ENTRY_KEYS+=(\"firebase_json_raw\")\n  _PLIST_ENTRY_TYPES+=(\"string\")\n  _PLIST_ENTRY_VALUES+=(\"$_JSON_OUTPUT_BASE64\")\n\n  # config.app_data_collection_default_enabled\n  _APP_DATA_COLLECTION_ENABLED=$(getFirebaseJsonKeyValue \"$_JSON_OUTPUT_RAW\" \"app_data_collection_default_enabled\")\n  if [[ $_APP_DATA_COLLECTION_ENABLED ]]; then\n    _PLIST_ENTRY_KEYS+=(\"FirebaseDataCollectionDefaultEnabled\")\n    _PLIST_ENTRY_TYPES+=(\"bool\")\n    _PLIST_ENTRY_VALUES+=(\"$(jsonBoolToYesNo \"$_APP_DATA_COLLECTION_ENABLED\")\")\n  fi\n\n  # config.analytics_auto_collection_enabled\n  _ANALYTICS_AUTO_COLLECTION=$(getFirebaseJsonKeyValue \"$_JSON_OUTPUT_RAW\" \"analytics_auto_collection_enabled\")\n  if [[ $_ANALYTICS_AUTO_COLLECTION ]]; then\n    _PLIST_ENTRY_KEYS+=(\"FIREBASE_ANALYTICS_COLLECTION_ENABLED\")\n    _PLIST_ENTRY_TYPES+=(\"bool\")\n    _PLIST_ENTRY_VALUES+=(\"$(jsonBoolToYesNo \"$_ANALYTICS_AUTO_COLLECTION\")\")\n  fi\n\n  # config.analytics_collection_deactivated\n  _ANALYTICS_DEACTIVATED=$(getFirebaseJsonKeyValue \"$_JSON_OUTPUT_RAW\" \"analytics_collection_deactivated\")\n  if [[ $_ANALYTICS_DEACTIVATED ]]; then\n    _PLIST_ENTRY_KEYS+=(\"FIREBASE_ANALYTICS_COLLECTION_DEACTIVATED\")\n    _PLIST_ENTRY_TYPES+=(\"bool\")\n    _PLIST_ENTRY_VALUES+=(\"$(jsonBoolToYesNo \"$_ANALYTICS_DEACTIVATED\")\")\n  fi\n\n  # config.analytics_idfv_collection_enabled\n  _ANALYTICS_IDFV_COLLECTION=$(getFirebaseJsonKeyValue \"$_JSON_OUTPUT_RAW\" \"analytics_idfv_collection_enabled\")\n  if [[ $_ANALYTICS_IDFV_COLLECTION ]]; then\n    _PLIST_ENTRY_KEYS+=(\"GOOGLE_ANALYTICS_IDFV_COLLECTION_ENABLED\")\n    _PLIST_ENTRY_TYPES+=(\"bool\")\n    _PLIST_ENTRY_VALUES+=(\"$(jsonBoolToYesNo \"$_ANALYTICS_IDFV_COLLECTION\")\")\n  fi\n\n  # config.analytics_default_allow_analytics_storage\n  _ANALYTICS_STORAGE=$(getFirebaseJsonKeyValue \"$_JSON_OUTPUT_RAW\" \"analytics_default_allow_analytics_storage\")\n  if [[ $_ANALYTICS_STORAGE ]]; then\n    _PLIST_ENTRY_KEYS+=(\"GOOGLE_ANALYTICS_DEFAULT_ALLOW_ANALYTICS_STORAGE\")\n    _PLIST_ENTRY_TYPES+=(\"bool\")\n    _PLIST_ENTRY_VALUES+=(\"$(jsonBoolToYesNo \"$_ANALYTICS_STORAGE\")\")\n  fi\n\n  # config.analytics_default_allow_ad_storage\n  _ANALYTICS_AD_STORAGE=$(getFirebaseJsonKeyValue \"$_JSON_OUTPUT_RAW\" \"analytics_default_allow_ad_storage\")\n  if [[ $_ANALYTICS_AD_STORAGE ]]; then\n    _PLIST_ENTRY_KEYS+=(\"GOOGLE_ANALYTICS_DEFAULT_ALLOW_AD_STORAGE\")\n    _PLIST_ENTRY_TYPES+=(\"bool\")\n    _PLIST_ENTRY_VALUES+=(\"$(jsonBoolToYesNo \"$_ANALYTICS_AD_STORAGE\")\")\n  fi\n\n  # config.analytics_default_allow_ad_user_data\n  _ANALYTICS_AD_USER_DATA=$(getFirebaseJsonKeyValue \"$_JSON_OUTPUT_RAW\" \"analytics_default_allow_ad_user_data\")\n  if [[ $_ANALYTICS_AD_USER_DATA ]]; then\n    _PLIST_ENTRY_KEYS+=(\"GOOGLE_ANALYTICS_DEFAULT_ALLOW_AD_USER_DATA\")\n    _PLIST_ENTRY_TYPES+=(\"bool\")\n    _PLIST_ENTRY_VALUES+=(\"$(jsonBoolToYesNo \"$_ANALYTICS_AD_USER_DATA\")\")\n  fi\n\n  # config.analytics_default_allow_ad_personalization_signals\n  _ANALYTICS_PERSONALIZATION=$(getFirebaseJsonKeyValue \"$_JSON_OUTPUT_RAW\" \"analytics_default_allow_ad_personalization_signals\")\n  if [[ $_ANALYTICS_PERSONALIZATION ]]; then\n    _PLIST_ENTRY_KEYS+=(\"GOOGLE_ANALYTICS_DEFAULT_ALLOW_AD_PERSONALIZATION_SIGNALS\")\n    _PLIST_ENTRY_TYPES+=(\"bool\")\n    _PLIST_ENTRY_VALUES+=(\"$(jsonBoolToYesNo \"$_ANALYTICS_PERSONALIZATION\")\")\n  fi\n\n  # config.analytics_registration_with_ad_network_enabled\n  _ANALYTICS_REGISTRATION_WITH_AD_NETWORK=$(getFirebaseJsonKeyValue \"$_JSON_OUTPUT_RAW\" \"google_analytics_registration_with_ad_network_enabled\")\n  if [[ $_ANALYTICS_REGISTRATION_WITH_AD_NETWORK ]]; then\n    _PLIST_ENTRY_KEYS+=(\"GOOGLE_ANALYTICS_REGISTRATION_WITH_AD_NETWORK_ENABLED\")\n    _PLIST_ENTRY_TYPES+=(\"bool\")\n    _PLIST_ENTRY_VALUES+=(\"$(jsonBoolToYesNo \"$_ANALYTICS_REGISTRATION_WITH_AD_NETWORK\")\")\n  fi\n\n  # config.google_analytics_automatic_screen_reporting_enabled\n  _ANALYTICS_AUTO_SCREEN_REPORTING=$(getFirebaseJsonKeyValue \"$_JSON_OUTPUT_RAW\" \"google_analytics_automatic_screen_reporting_enabled\")\n  if [[ $_ANALYTICS_AUTO_SCREEN_REPORTING ]]; then\n    _PLIST_ENTRY_KEYS+=(\"FirebaseAutomaticScreenReportingEnabled\")\n    _PLIST_ENTRY_TYPES+=(\"bool\")\n    _PLIST_ENTRY_VALUES+=(\"$(jsonBoolToYesNo \"$_ANALYTICS_AUTO_SCREEN_REPORTING\")\")\n  fi\n\n  # config.perf_auto_collection_enabled\n  _PERF_AUTO_COLLECTION=$(getFirebaseJsonKeyValue \"$_JSON_OUTPUT_RAW\" \"perf_auto_collection_enabled\")\n  if [[ $_PERF_AUTO_COLLECTION ]]; then\n    _PLIST_ENTRY_KEYS+=(\"firebase_performance_collection_enabled\")\n    _PLIST_ENTRY_TYPES+=(\"bool\")\n    _PLIST_ENTRY_VALUES+=(\"$(jsonBoolToYesNo \"$_PERF_AUTO_COLLECTION\")\")\n  fi\n\n  # config.perf_collection_deactivated\n  _PERF_DEACTIVATED=$(getFirebaseJsonKeyValue \"$_JSON_OUTPUT_RAW\" \"perf_collection_deactivated\")\n  if [[ $_PERF_DEACTIVATED ]]; then\n    _PLIST_ENTRY_KEYS+=(\"firebase_performance_collection_deactivated\")\n    _PLIST_ENTRY_TYPES+=(\"bool\")\n    _PLIST_ENTRY_VALUES+=(\"$(jsonBoolToYesNo \"$_PERF_DEACTIVATED\")\")\n  fi\n\n  # config.messaging_auto_init_enabled\n  _MESSAGING_AUTO_INIT=$(getFirebaseJsonKeyValue \"$_JSON_OUTPUT_RAW\" \"messaging_auto_init_enabled\")\n  if [[ $_MESSAGING_AUTO_INIT ]]; then\n    _PLIST_ENTRY_KEYS+=(\"FirebaseMessagingAutoInitEnabled\")\n    _PLIST_ENTRY_TYPES+=(\"bool\")\n    _PLIST_ENTRY_VALUES+=(\"$(jsonBoolToYesNo \"$_MESSAGING_AUTO_INIT\")\")\n  fi\n\n  # config.in_app_messaging_auto_colllection_enabled\n  _FIAM_AUTO_INIT=$(getFirebaseJsonKeyValue \"$_JSON_OUTPUT_RAW\" \"in_app_messaging_auto_collection_enabled\")\n  if [[ $_FIAM_AUTO_INIT ]]; then\n    _PLIST_ENTRY_KEYS+=(\"FirebaseInAppMessagingAutomaticDataCollectionEnabled\")\n    _PLIST_ENTRY_TYPES+=(\"bool\")\n    _PLIST_ENTRY_VALUES+=(\"$(jsonBoolToYesNo \"$_FIAM_AUTO_INIT\")\")\n  fi\n\n  # config.app_check_token_auto_refresh\n  _APP_CHECK_TOKEN_AUTO_REFRESH=$(getFirebaseJsonKeyValue \"$_JSON_OUTPUT_RAW\" \"app_check_token_auto_refresh\")\n  if [[ $_APP_CHECK_TOKEN_AUTO_REFRESH ]]; then\n    _PLIST_ENTRY_KEYS+=(\"FirebaseAppCheckTokenAutoRefreshEnabled\")\n    _PLIST_ENTRY_TYPES+=(\"bool\")\n    _PLIST_ENTRY_VALUES+=(\"$(jsonBoolToYesNo \"$_APP_CHECK_TOKEN_AUTO_REFRESH\")\")\n  fi\n\n  # config.crashlytics_disable_auto_disabler - undocumented for now - mainly for debugging, document if becomes useful\n  _CRASHLYTICS_AUTO_DISABLE_ENABLED=$(getFirebaseJsonKeyValue \"$_JSON_OUTPUT_RAW\" \"crashlytics_disable_auto_disabler\")\n  if [[ $_CRASHLYTICS_AUTO_DISABLE_ENABLED == \"true\" ]]; then\n    echo \"Disabled Crashlytics auto disabler.\" # do nothing\n  else\n    _PLIST_ENTRY_KEYS+=(\"FirebaseCrashlyticsCollectionEnabled\")\n    _PLIST_ENTRY_TYPES+=(\"bool\")\n    _PLIST_ENTRY_VALUES+=(\"NO\")\n  fi\nelse\n  _PLIST_ENTRY_KEYS+=(\"firebase_json_raw\")\n  _PLIST_ENTRY_TYPES+=(\"string\")\n  _PLIST_ENTRY_VALUES+=(\"$_JSON_OUTPUT_BASE64\")\n  echo \"warning:   A firebase.json file was not found, whilst this file is optional it is recommended to include it to configure firebase services in React Native Firebase.\"\nfi;\n\necho \"info: 2) Injecting Info.plist entries: \"\n\n# Log out the keys we're adding\nfor i in \"${!_PLIST_ENTRY_KEYS[@]}\"; do\n  echo \"    ->  $i) ${_PLIST_ENTRY_KEYS[$i]}\" \"${_PLIST_ENTRY_TYPES[$i]}\" \"${_PLIST_ENTRY_VALUES[$i]}\"\ndone\n\nfor plist in \"${_TARGET_PLIST}\" \"${_DSYM_PLIST}\" ; do\n  if [[ -f \"${plist}\" ]]; then\n\n    # paths with spaces break the call to setPlistValue. temporarily modify\n    # the shell internal field separator variable (IFS), which normally\n    # includes spaces, to consist only of line breaks\n    oldifs=$IFS\n    IFS=\"\n\"\n\n    for i in \"${!_PLIST_ENTRY_KEYS[@]}\"; do\n      setPlistValue \"${_PLIST_ENTRY_KEYS[$i]}\" \"${_PLIST_ENTRY_TYPES[$i]}\" \"${_PLIST_ENTRY_VALUES[$i]}\" \"${plist}\"\n    done\n\n    # restore the original internal field separator value\n    IFS=$oldifs\n  else\n    echo \"warning:   A Info.plist build output file was not found (${plist})\"\n  fi\ndone\n\necho \"info: <- RNFB build script finished\"\n";
		};
		E8EC88D0DE4D073BFDDBD8DF /* [CP] Check Pods Manifest.lock */ = {
			isa = PBXShellScriptBuildPhase;
			buildActionMask = 2147483647;
			files = (
			);
			inputFileListPaths = (
			);
			inputPaths = (
				"${PODS_PODFILE_DIR_PATH}/Podfile.lock",
				"${PODS_ROOT}/Manifest.lock",
			);
			name = "[CP] Check Pods Manifest.lock";
			outputFileListPaths = (
			);
			outputPaths = (
				"$(DERIVED_FILE_DIR)/Pods-app-checkManifestLockResult.txt",
			);
			runOnlyForDeploymentPostprocessing = 0;
			shellPath = /bin/sh;
			shellScript = "diff \"${PODS_PODFILE_DIR_PATH}/Podfile.lock\" \"${PODS_ROOT}/Manifest.lock\" > /dev/null\nif [ $? != 0 ] ; then\n    # print error to STDERR\n    echo \"error: The sandbox is not in sync with the Podfile.lock. Run 'pod install' or update your CocoaPods installation.\" >&2\n    exit 1\nfi\n# This output is used by Xcode 'outputs' to avoid re-running this script phase.\necho \"SUCCESS\" > \"${SCRIPT_OUTPUT_FILE_0}\"\n";
			showEnvVarsInLog = 0;
		};
		FE3B601729239F7D006FE71D /* Swift Lint */ = {
			isa = PBXShellScriptBuildPhase;
			buildActionMask = 2147483647;
			files = (
			);
			inputFileListPaths = (
			);
			inputPaths = (
			);
			name = "Swift Lint";
			outputFileListPaths = (
			);
			outputPaths = (
			);
			runOnlyForDeploymentPostprocessing = 0;
			shellPath = /bin/sh;
			shellScript = "# Do not run this on a CI!\nif [ -z \"$CI\" ]; then\n    # Adds support for Apple Silicon brew directory\n    export PATH=\"$PATH:/opt/homebrew/bin\"\n    if mint which swiftlint >/dev/null; then\n      mint run swiftlint\n    else\n      echo \"Warning: SwiftLint not installed, run either `sh bootstrap.sh` or `mint bootstrap`.\"\n    fi\nfi\n";
		};
/* End PBXShellScriptBuildPhase section */

/* Begin PBXSourcesBuildPhase section */
		13B07F871A680F5B00A75B9A /* Sources */ = {
			isa = PBXSourcesBuildPhase;
			buildActionMask = 2147483647;
			files = (
				FEE4FE192AE6F08600E1821B /* BeaconsPermissions.swift in Sources */,
				FEE4FE1B2AE6F0C200E1821B /* BeaconsPermissionsBridge.m in Sources */,
				38CD3270254B612600C6B978 /* AtBRootView.m in Sources */,
				6DB88ADC2A7A55570060CC31 /* PassPresentation.swift in Sources */,
				22CDD79A2E682A4B009A6A01 /* AppDelegate.swift in Sources */,
				FE8BA01D2AEAF48A00E8CF1C /* KettleSDKExtension.m in Sources */,
				FEBDDCDE2934D49700C3755B /* ChangeNativeBridge.m in Sources */,
				FEBDDCD12931065D00C3755B /* WidgetUpdater.swift in Sources */,
				385EE0D3242C0AFC002E1272 /* enforce-bridge.swift in Sources */,
				FEBDDCCD2931038400C3755B /* LocationChangeManager.swift in Sources */,
				FEBDDCDB29310DFE00C3755B /* WidgetUpdaterBridge.m in Sources */,
				6DB88ADA2A7A35A10060CC31 /* PassPresentationBridge.m in Sources */,
			);
			runOnlyForDeploymentPostprocessing = 0;
		};
		500752D629855BD100AC5A7F /* Sources */ = {
			isa = PBXSourcesBuildPhase;
			buildActionMask = 2147483647;
			files = (
				500752F92985620A00AC5A7F /* Structs.swift in Sources */,
				500752F52985620A00AC5A7F /* WidgetViewModel.swift in Sources */,
				500752FD2985622900AC5A7F /* NoFavoriteViewSmall.swift in Sources */,
				500752EE29855E6D00AC5A7F /* String.swift in Sources */,
				50F2C8F929895B27003A40B7 /* Storage.swift in Sources */,
				500753012985624B00AC5A7F /* WidgetUpdater.swift in Sources */,
				500752F72985620A00AC5A7F /* DefaultFonts.swift in Sources */,
				500752ED29855E6900AC5A7F /* Bundle.swift in Sources */,
				500752FB2985620A00AC5A7F /* Provider.swift in Sources */,
				500752FC2985622900AC5A7F /* ChipView.swift in Sources */,
				50AAE58329897C4A00BA7611 /* WidgetConfiguration.intentdefinition in Sources */,
				500753002985622900AC5A7F /* WidgetInfoView.swift in Sources */,
				500753022985624B00AC5A7F /* LocationChangeManager.swift in Sources */,
				500752F62985620A00AC5A7F /* APIService.swift in Sources */,
				500752FE2985622900AC5A7F /* DepartureTimesView.swift in Sources */,
				500752DF29855BD100AC5A7F /* IntentHandler.swift in Sources */,
				500752FF2985622900AC5A7F /* NoFavoriteViewMedium.swift in Sources */,
			);
			runOnlyForDeploymentPostprocessing = 0;
		};
		FE55264328EC45ED0091F697 /* Sources */ = {
			isa = PBXSourcesBuildPhase;
			buildActionMask = 2147483647;
			files = (
				5038614E28FD81B700E16E13 /* Structs.swift in Sources */,
				50AAE58229897C4A00BA7611 /* WidgetConfiguration.intentdefinition in Sources */,
				5038614A28FD6EB900E16E13 /* APIService.swift in Sources */,
				FED3D5E02968501400B7DEC4 /* NoFavoriteViewMedium.swift in Sources */,
				FE09922C28FFF50800E5046D /* Bundle.swift in Sources */,
				FED3D5DF2968501400B7DEC4 /* NoFavoriteViewSmall.swift in Sources */,
				505D9ECE291537E500AEFF94 /* DepartureTimesView.swift in Sources */,
				500752EC29855E4D00AC5A7F /* IntentHandler.swift in Sources */,
				FE7DE4F5294A2EDC009BE6DB /* String.swift in Sources */,
				503D2E5C2967436E002E0A6A /* BuildFile in Sources */,
				503D2E5A29674028002E0A6A /* BuildFile in Sources */,
				5038614C28FD750A00E16E13 /* LocationChangeManager.swift in Sources */,
				FE7E785F29433F3900C57A1F /* DefaultFonts.swift in Sources */,
				FE55264E28EC45ED0091F697 /* DepartureWidget.swift in Sources */,
				50A14ED72918F97E00A661D9 /* WidgetInfoView.swift in Sources */,
				FE09922928FFF47300E5046D /* Storage.swift in Sources */,
				FE9C416D293744B100EC2D53 /* ChipView.swift in Sources */,
				5038614628FD509400E16E13 /* Provider.swift in Sources */,
				506538E028FEA57400A0DDCC /* WidgetViewModel.swift in Sources */,
				FEBDDCD22931065D00C3755B /* WidgetUpdater.swift in Sources */,
			);
			runOnlyForDeploymentPostprocessing = 0;
		};
/* End PBXSourcesBuildPhase section */

/* Begin PBXTargetDependency section */
		500752E229855BD100AC5A7F /* PBXTargetDependency */ = {
			isa = PBXTargetDependency;
			target = 500752D929855BD100AC5A7F /* AtbAppIntent */;
			targetProxy = 500752E129855BD100AC5A7F /* PBXContainerItemProxy */;
		};
		FE55265328EC45EE0091F697 /* PBXTargetDependency */ = {
			isa = PBXTargetDependency;
			target = FE55264628EC45ED0091F697 /* departureWidget */;
			targetProxy = FE55265228EC45EE0091F697 /* PBXContainerItemProxy */;
		};
/* End PBXTargetDependency section */

/* Begin PBXVariantGroup section */
		13B07FB11A68108700A75B9A /* LaunchScreen.xib */ = {
			isa = PBXVariantGroup;
			children = (
				13B07FB21A68108700A75B9A /* Base */,
				38F348B52542D8120073C300 /* nb */,
			);
			name = LaunchScreen.xib;
			path = atb;
			sourceTree = "<group>";
		};
		298D19492AEBC45E00065733 /* InfoPlist.strings */ = {
			isa = PBXVariantGroup;
			children = (
				298D19482AEBC45E00065733 /* en */,
				298D194A2AEBC45F00065733 /* nb */,
				298D194B2AEBC55C00065733 /* nn */,
			);
			name = InfoPlist.strings;
			sourceTree = "<group>";
		};
		50488983293F4B660016DD7A /* Localizable.strings */ = {
			isa = PBXVariantGroup;
			children = (
				50488982293F4B660016DD7A /* en */,
				50488984293F4B680016DD7A /* nb */,
			);
			name = Localizable.strings;
			sourceTree = "<group>";
		};
		50AAE58529897C4A00BA7611 /* WidgetConfiguration.intentdefinition */ = {
			isa = PBXVariantGroup;
			children = (
				50AAE58429897C4A00BA7611 /* Base */,
				50AAE58729897C4C00BA7611 /* nb */,
			);
			name = WidgetConfiguration.intentdefinition;
			sourceTree = "<group>";
		};
/* End PBXVariantGroup section */

/* Begin XCBuildConfiguration section */
		13B07F941A680F5B00A75B9A /* Debug */ = {
			isa = XCBuildConfiguration;
			baseConfigurationReference = FE8186AD297593DA000D2195 /* Debug.xcconfig */;
			buildSettings = {
				ALWAYS_EMBED_SWIFT_STANDARD_LIBRARIES = "$(inherited)";
				ASSETCATALOG_COMPILER_APPICON_NAME = AppIcon;
				CLANG_ENABLE_MODULES = YES;
				CODE_SIGN_ENTITLEMENTS = atb/atbDebug.entitlements;
				CODE_SIGN_IDENTITY = "Apple Development";
				"CODE_SIGN_IDENTITY[sdk=iphoneos*]" = "iPhone Developer";
				CODE_SIGN_STYLE = Manual;
				CURRENT_PROJECT_VERSION = 1;
				DEVELOPMENT_TEAM = "";
				"DEVELOPMENT_TEAM[sdk=iphoneos*]" = "$(IOS_DEVELOPMENT_TEAM_ID)";
				ENABLE_BITCODE = NO;
				FRAMEWORK_SEARCH_PATHS = "$(inherited)";
				HEADER_SEARCH_PATHS = "$(inherited)";
				INFOPLIST_FILE = atb/Info.plist;
				LD_RUNPATH_SEARCH_PATHS = (
					"$(inherited)",
					"@executable_path/Frameworks",
				);
				MARKETING_VERSION = "$(APP_VERSION)";
				OTHER_LDFLAGS = (
					"$(inherited)",
					"-ObjC",
					"-lc++",
				);
				PRODUCT_BUNDLE_IDENTIFIER = "$(IOS_BUNDLE_IDENTIFIER)";
				PRODUCT_NAME = AtB;
				PROVISIONING_PROFILE_SPECIFIER = "match Development $(IOS_BUNDLE_IDENTIFIER)";
				"PROVISIONING_PROFILE_SPECIFIER[sdk=iphoneos*]" = "match Development $(IOS_BUNDLE_IDENTIFIER)";
				SUPPORTED_PLATFORMS = "iphoneos iphonesimulator";
				SUPPORTS_MACCATALYST = NO;
				SUPPORTS_MAC_DESIGNED_FOR_IPHONE_IPAD = NO;
				SWIFT_OBJC_BRIDGING_HEADER = "atb-Bridging-Header.h";
				SWIFT_OPTIMIZATION_LEVEL = "-Onone";
				SWIFT_VERSION = 5.0;
				TARGETED_DEVICE_FAMILY = 1;
				VERSIONING_SYSTEM = "apple-generic";
			};
			name = Debug;
		};
		13B07F951A680F5B00A75B9A /* Release */ = {
			isa = XCBuildConfiguration;
			baseConfigurationReference = FE8186AE297593DA000D2195 /* Release.xcconfig */;
			buildSettings = {
				ALWAYS_EMBED_SWIFT_STANDARD_LIBRARIES = "$(inherited)";
				ASSETCATALOG_COMPILER_APPICON_NAME = AppIcon;
				CLANG_ENABLE_MODULES = YES;
				CODE_SIGN_ENTITLEMENTS = atb/AtB.entitlements;
				CODE_SIGN_IDENTITY = "Apple Development";
				CODE_SIGN_STYLE = Manual;
				CURRENT_PROJECT_VERSION = 1;
				DEVELOPMENT_TEAM = "$(IOS_DEVELOPMENT_TEAM_ID)";
				ENABLE_BITCODE = NO;
				FRAMEWORK_SEARCH_PATHS = "$(inherited)";
				HEADER_SEARCH_PATHS = "$(inherited)";
				INFOPLIST_FILE = atb/Info.plist;
				LD_RUNPATH_SEARCH_PATHS = (
					"$(inherited)",
					"@executable_path/Frameworks",
				);
				MARKETING_VERSION = "$(APP_VERSION)";
				OTHER_LDFLAGS = (
					"$(inherited)",
					"-ObjC",
					"-lc++",
				);
				PRODUCT_BUNDLE_IDENTIFIER = "$(IOS_BUNDLE_IDENTIFIER)";
				PRODUCT_NAME = AtB;
				PROVISIONING_PROFILE_SPECIFIER = "";
				SUPPORTED_PLATFORMS = "iphoneos iphonesimulator";
				SUPPORTS_MACCATALYST = NO;
				SUPPORTS_MAC_DESIGNED_FOR_IPHONE_IPAD = NO;
				SWIFT_OBJC_BRIDGING_HEADER = "atb-Bridging-Header.h";
				SWIFT_VERSION = 5.0;
				TARGETED_DEVICE_FAMILY = 1;
				VERSIONING_SYSTEM = "apple-generic";
			};
			name = Release;
		};
		500752E529855BD100AC5A7F /* Debug */ = {
			isa = XCBuildConfiguration;
			baseConfigurationReference = FE8186AF297593DA000D2195 /* Config.xcconfig */;
			buildSettings = {
				CLANG_ANALYZER_NONNULL = YES;
				CLANG_ANALYZER_NUMBER_OBJECT_CONVERSION = YES_AGGRESSIVE;
				CLANG_CXX_LANGUAGE_STANDARD = "gnu++20";
				CLANG_ENABLE_OBJC_WEAK = YES;
				CLANG_WARN_DOCUMENTATION_COMMENTS = YES;
				CLANG_WARN_UNGUARDED_AVAILABILITY = YES_AGGRESSIVE;
				CODE_SIGN_ENTITLEMENTS = AtbAppIntent/AtbAppIntentDebug.entitlements;
				CODE_SIGN_IDENTITY = "Apple Development";
				"CODE_SIGN_IDENTITY[sdk=iphoneos*]" = "iPhone Developer";
				CODE_SIGN_STYLE = Manual;
				CURRENT_PROJECT_VERSION = 1;
				DEBUG_INFORMATION_FORMAT = dwarf;
				DEVELOPMENT_TEAM = "$(IOS_DEVELOPMENT_TEAM_ID)";
				"DEVELOPMENT_TEAM[sdk=iphoneos*]" = "$(IOS_DEVELOPMENT_TEAM_ID)";
				GCC_C_LANGUAGE_STANDARD = gnu11;
				GENERATE_INFOPLIST_FILE = YES;
				INFOPLIST_FILE = AtbAppIntent/Info.plist;
				INFOPLIST_KEY_CFBundleDisplayName = AtbAppIntent;
				INFOPLIST_KEY_NSHumanReadableCopyright = "";
				IPHONEOS_DEPLOYMENT_TARGET = 16.6;
				LD_RUNPATH_SEARCH_PATHS = (
					"$(inherited)",
					"@executable_path/Frameworks",
					"@executable_path/../../Frameworks",
				);
				MARKETING_VERSION = "$(APP_VERSION)";
				MTL_ENABLE_DEBUG_INFO = INCLUDE_SOURCE;
				MTL_FAST_MATH = YES;
				PRODUCT_BUNDLE_IDENTIFIER = "$(IOS_APP_INTENT_IDENTIFIER)";
				PRODUCT_NAME = "$(TARGET_NAME)";
				PROVISIONING_PROFILE_SPECIFIER = "match Development $(IOS_APP_INTENT_IDENTIFIER)";
				"PROVISIONING_PROFILE_SPECIFIER[sdk=iphoneos*]" = "match Development $(IOS_APP_INTENT_IDENTIFIER)";
				SKIP_INSTALL = YES;
				SUPPORTED_PLATFORMS = "iphoneos iphonesimulator";
				SUPPORTS_MACCATALYST = NO;
				SUPPORTS_MAC_DESIGNED_FOR_IPHONE_IPAD = NO;
				SWIFT_ACTIVE_COMPILATION_CONDITIONS = DEBUG;
				SWIFT_EMIT_LOC_STRINGS = YES;
				SWIFT_OPTIMIZATION_LEVEL = "-Onone";
				SWIFT_VERSION = 5.0;
				TARGETED_DEVICE_FAMILY = 1;
			};
			name = Debug;
		};
		500752E629855BD100AC5A7F /* Release */ = {
			isa = XCBuildConfiguration;
			baseConfigurationReference = FE8186AF297593DA000D2195 /* Config.xcconfig */;
			buildSettings = {
				CLANG_ANALYZER_NONNULL = YES;
				CLANG_ANALYZER_NUMBER_OBJECT_CONVERSION = YES_AGGRESSIVE;
				CLANG_CXX_LANGUAGE_STANDARD = "gnu++20";
				CLANG_ENABLE_OBJC_WEAK = YES;
				CLANG_WARN_DOCUMENTATION_COMMENTS = YES;
				CLANG_WARN_UNGUARDED_AVAILABILITY = YES_AGGRESSIVE;
				CODE_SIGN_ENTITLEMENTS = AtbAppIntent/AtbAppIntentRelease.entitlements;
				CODE_SIGN_IDENTITY = "Apple Development";
				CODE_SIGN_STYLE = Manual;
				COPY_PHASE_STRIP = NO;
				CURRENT_PROJECT_VERSION = 1;
				DEBUG_INFORMATION_FORMAT = "dwarf-with-dsym";
				DEVELOPMENT_TEAM = "";
				GCC_C_LANGUAGE_STANDARD = gnu11;
				GENERATE_INFOPLIST_FILE = YES;
				INFOPLIST_FILE = AtbAppIntent/Info.plist;
				INFOPLIST_KEY_CFBundleDisplayName = AtbAppIntent;
				INFOPLIST_KEY_NSHumanReadableCopyright = "";
				IPHONEOS_DEPLOYMENT_TARGET = 16.6;
				LD_RUNPATH_SEARCH_PATHS = (
					"$(inherited)",
					"@executable_path/Frameworks",
					"@executable_path/../../Frameworks",
				);
				MARKETING_VERSION = "$(APP_VERSION)";
				MTL_FAST_MATH = YES;
				PRODUCT_BUNDLE_IDENTIFIER = "$(IOS_APP_INTENT_IDENTIFIER)";
				PRODUCT_NAME = "$(TARGET_NAME)";
				PROVISIONING_PROFILE_SPECIFIER = "";
				SKIP_INSTALL = YES;
				SUPPORTED_PLATFORMS = "iphoneos iphonesimulator";
				SUPPORTS_MACCATALYST = NO;
				SUPPORTS_MAC_DESIGNED_FOR_IPHONE_IPAD = NO;
				SWIFT_EMIT_LOC_STRINGS = YES;
				SWIFT_OPTIMIZATION_LEVEL = "-O";
				SWIFT_VERSION = 5.0;
				TARGETED_DEVICE_FAMILY = 1;
			};
			name = Release;
		};
		83CBBA201A601CBA00E9B192 /* Debug */ = {
			isa = XCBuildConfiguration;
			buildSettings = {
				ALWAYS_SEARCH_USER_PATHS = NO;
				CLANG_ANALYZER_LOCALIZABILITY_NONLOCALIZED = YES;
				CLANG_CXX_LANGUAGE_STANDARD = "c++20";
				CLANG_CXX_LIBRARY = "libc++";
				CLANG_ENABLE_MODULES = YES;
				CLANG_ENABLE_OBJC_ARC = YES;
				CLANG_WARN_BLOCK_CAPTURE_AUTORELEASING = YES;
				CLANG_WARN_BOOL_CONVERSION = YES;
				CLANG_WARN_COMMA = YES;
				CLANG_WARN_CONSTANT_CONVERSION = YES;
				CLANG_WARN_DEPRECATED_OBJC_IMPLEMENTATIONS = YES;
				CLANG_WARN_DIRECT_OBJC_ISA_USAGE = YES_ERROR;
				CLANG_WARN_EMPTY_BODY = YES;
				CLANG_WARN_ENUM_CONVERSION = YES;
				CLANG_WARN_INFINITE_RECURSION = YES;
				CLANG_WARN_INT_CONVERSION = YES;
				CLANG_WARN_NON_LITERAL_NULL_CONVERSION = YES;
				CLANG_WARN_OBJC_IMPLICIT_RETAIN_SELF = YES;
				CLANG_WARN_OBJC_LITERAL_CONVERSION = YES;
				CLANG_WARN_OBJC_ROOT_CLASS = YES_ERROR;
				CLANG_WARN_QUOTED_INCLUDE_IN_FRAMEWORK_HEADER = YES;
				CLANG_WARN_RANGE_LOOP_ANALYSIS = YES;
				CLANG_WARN_STRICT_PROTOTYPES = YES;
				CLANG_WARN_SUSPICIOUS_MOVE = YES;
				CLANG_WARN_UNREACHABLE_CODE = YES;
				CLANG_WARN__DUPLICATE_METHOD_MATCH = YES;
				"CODE_SIGN_IDENTITY[sdk=iphoneos*]" = "iPhone Developer";
				COPY_PHASE_STRIP = NO;
				DEVELOPMENT_TEAM = "$(IOS_DEVELOPMENT_TEAM_ID)";
				ENABLE_BITCODE = NO;
				ENABLE_STRICT_OBJC_MSGSEND = YES;
				ENABLE_TESTABILITY = YES;
				"EXCLUDED_ARCHS[sdk=iphonesimulator*]" = i386;
				GCC_C_LANGUAGE_STANDARD = gnu99;
				GCC_DYNAMIC_NO_PIC = NO;
				GCC_NO_COMMON_BLOCKS = YES;
				GCC_OPTIMIZATION_LEVEL = 0;
				GCC_PREPROCESSOR_DEFINITIONS = (
					"DEBUG=1",
					"$(inherited)",
				);
				GCC_SYMBOLS_PRIVATE_EXTERN = NO;
				GCC_WARN_64_TO_32_BIT_CONVERSION = YES;
				GCC_WARN_ABOUT_RETURN_TYPE = YES_ERROR;
				GCC_WARN_UNDECLARED_SELECTOR = YES;
				GCC_WARN_UNINITIALIZED_AUTOS = YES_AGGRESSIVE;
				GCC_WARN_UNUSED_FUNCTION = YES;
				GCC_WARN_UNUSED_VARIABLE = YES;
				HEADER_SEARCH_PATHS = (
					"$(inherited)",
					"${PODS_CONFIGURATION_BUILD_DIR}/ReactCommon/ReactCommon.framework/Headers",
					"${PODS_CONFIGURATION_BUILD_DIR}/ReactCommon/ReactCommon.framework/Headers/react/nativemodule/core",
					"${PODS_CONFIGURATION_BUILD_DIR}/ReactCommon-Samples/ReactCommon_Samples.framework/Headers",
					"${PODS_CONFIGURATION_BUILD_DIR}/ReactCommon-Samples/ReactCommon_Samples.framework/Headers/platform/ios",
					"${PODS_CONFIGURATION_BUILD_DIR}/React-Fabric/React_Fabric.framework/Headers/react/renderer/components/view/platform/cxx",
					"${PODS_CONFIGURATION_BUILD_DIR}/React-NativeModulesApple/React_NativeModulesApple.framework/Headers",
					"${PODS_CONFIGURATION_BUILD_DIR}/React-graphics/React_graphics.framework/Headers",
					"${PODS_CONFIGURATION_BUILD_DIR}/React-graphics/React_graphics.framework/Headers/react/renderer/graphics/platform/ios",
					"${PODS_CONFIGURATION_BUILD_DIR}/React-runtimeexecutor/React_runtimeexecutor.framework/Headers",
					"${PODS_CONFIGURATION_BUILD_DIR}/React-runtimeexecutor/React_runtimeexecutor.framework/Headers/platform/ios",
				);
				IPHONEOS_DEPLOYMENT_TARGET = 15.1;
				LD_RUNPATH_SEARCH_PATHS = (
					/usr/lib/swift,
					"$(inherited)",
				);
				LIBRARY_SEARCH_PATHS = (
					"\"$(SDKROOT)/usr/lib/swift\"",
					"\"$(TOOLCHAIN_DIR)/usr/lib/swift/$(PLATFORM_NAME)\"",
					"\"$(inherited)\"",
				);
				MTL_ENABLE_DEBUG_INFO = YES;
				ONLY_ACTIVE_ARCH = YES;
				OTHER_CFLAGS = "$(inherited)";
				OTHER_CPLUSPLUSFLAGS = (
					"$(OTHER_CFLAGS)",
					"-DFOLLY_NO_CONFIG",
					"-DFOLLY_MOBILE=1",
					"-DFOLLY_USE_LIBCPP=1",
					"-DFOLLY_CFG_NO_COROUTINES=1",
					"-DFOLLY_HAVE_CLOCK_GETTIME=1",
				);
				OTHER_LDFLAGS = "$(inherited)";
				REACT_NATIVE_PATH = "${PODS_ROOT}/../../node_modules/react-native";
				SDKROOT = iphoneos;
				SWIFT_ACTIVE_COMPILATION_CONDITIONS = "$(inherited) DEBUG";
				USE_HERMES = true;
			};
			name = Debug;
		};
		83CBBA211A601CBA00E9B192 /* Release */ = {
			isa = XCBuildConfiguration;
			buildSettings = {
				ALWAYS_SEARCH_USER_PATHS = NO;
				CLANG_ANALYZER_LOCALIZABILITY_NONLOCALIZED = YES;
				CLANG_CXX_LANGUAGE_STANDARD = "c++20";
				CLANG_CXX_LIBRARY = "libc++";
				CLANG_ENABLE_MODULES = YES;
				CLANG_ENABLE_OBJC_ARC = YES;
				CLANG_WARN_BLOCK_CAPTURE_AUTORELEASING = YES;
				CLANG_WARN_BOOL_CONVERSION = YES;
				CLANG_WARN_COMMA = YES;
				CLANG_WARN_CONSTANT_CONVERSION = YES;
				CLANG_WARN_DEPRECATED_OBJC_IMPLEMENTATIONS = YES;
				CLANG_WARN_DIRECT_OBJC_ISA_USAGE = YES_ERROR;
				CLANG_WARN_EMPTY_BODY = YES;
				CLANG_WARN_ENUM_CONVERSION = YES;
				CLANG_WARN_INFINITE_RECURSION = YES;
				CLANG_WARN_INT_CONVERSION = YES;
				CLANG_WARN_NON_LITERAL_NULL_CONVERSION = YES;
				CLANG_WARN_OBJC_IMPLICIT_RETAIN_SELF = YES;
				CLANG_WARN_OBJC_LITERAL_CONVERSION = YES;
				CLANG_WARN_OBJC_ROOT_CLASS = YES_ERROR;
				CLANG_WARN_QUOTED_INCLUDE_IN_FRAMEWORK_HEADER = YES;
				CLANG_WARN_RANGE_LOOP_ANALYSIS = YES;
				CLANG_WARN_STRICT_PROTOTYPES = YES;
				CLANG_WARN_SUSPICIOUS_MOVE = YES;
				CLANG_WARN_UNREACHABLE_CODE = YES;
				CLANG_WARN__DUPLICATE_METHOD_MATCH = YES;
				"CODE_SIGN_IDENTITY[sdk=iphoneos*]" = "iPhone Developer";
				COPY_PHASE_STRIP = YES;
				DEVELOPMENT_TEAM = "$(IOS_DEVELOPMENT_TEAM_ID)";
				ENABLE_BITCODE = NO;
				ENABLE_NS_ASSERTIONS = NO;
				ENABLE_STRICT_OBJC_MSGSEND = YES;
				"EXCLUDED_ARCHS[sdk=iphonesimulator*]" = i386;
				GCC_C_LANGUAGE_STANDARD = gnu99;
				GCC_NO_COMMON_BLOCKS = YES;
				GCC_WARN_64_TO_32_BIT_CONVERSION = YES;
				GCC_WARN_ABOUT_RETURN_TYPE = YES_ERROR;
				GCC_WARN_UNDECLARED_SELECTOR = YES;
				GCC_WARN_UNINITIALIZED_AUTOS = YES_AGGRESSIVE;
				GCC_WARN_UNUSED_FUNCTION = YES;
				GCC_WARN_UNUSED_VARIABLE = YES;
				HEADER_SEARCH_PATHS = (
					"$(inherited)",
					"${PODS_CONFIGURATION_BUILD_DIR}/ReactCommon/ReactCommon.framework/Headers",
					"${PODS_CONFIGURATION_BUILD_DIR}/ReactCommon/ReactCommon.framework/Headers/react/nativemodule/core",
					"${PODS_CONFIGURATION_BUILD_DIR}/ReactCommon-Samples/ReactCommon_Samples.framework/Headers",
					"${PODS_CONFIGURATION_BUILD_DIR}/ReactCommon-Samples/ReactCommon_Samples.framework/Headers/platform/ios",
					"${PODS_CONFIGURATION_BUILD_DIR}/React-Fabric/React_Fabric.framework/Headers/react/renderer/components/view/platform/cxx",
					"${PODS_CONFIGURATION_BUILD_DIR}/React-NativeModulesApple/React_NativeModulesApple.framework/Headers",
					"${PODS_CONFIGURATION_BUILD_DIR}/React-graphics/React_graphics.framework/Headers",
					"${PODS_CONFIGURATION_BUILD_DIR}/React-graphics/React_graphics.framework/Headers/react/renderer/graphics/platform/ios",
					"${PODS_CONFIGURATION_BUILD_DIR}/React-runtimeexecutor/React_runtimeexecutor.framework/Headers",
					"${PODS_CONFIGURATION_BUILD_DIR}/React-runtimeexecutor/React_runtimeexecutor.framework/Headers/platform/ios",
				);
				IPHONEOS_DEPLOYMENT_TARGET = 15.1;
				LD_RUNPATH_SEARCH_PATHS = (
					/usr/lib/swift,
					"$(inherited)",
				);
				LIBRARY_SEARCH_PATHS = (
					"\"$(SDKROOT)/usr/lib/swift\"",
					"\"$(TOOLCHAIN_DIR)/usr/lib/swift/$(PLATFORM_NAME)\"",
					"\"$(inherited)\"",
				);
				MTL_ENABLE_DEBUG_INFO = NO;
				OTHER_CFLAGS = "$(inherited)";
				OTHER_CPLUSPLUSFLAGS = "$(inherited)";
				OTHER_LDFLAGS = "$(inherited)";
				REACT_NATIVE_PATH = "${PODS_ROOT}/../../node_modules/react-native";
				SDKROOT = iphoneos;
				SWIFT_COMPILATION_MODE = wholemodule;
				USE_HERMES = true;
				VALIDATE_PRODUCT = YES;
			};
			name = Release;
		};
		FE55265628EC45EE0091F697 /* Debug */ = {
			isa = XCBuildConfiguration;
			baseConfigurationReference = FE8186AF297593DA000D2195 /* Config.xcconfig */;
			buildSettings = {
				ASSETCATALOG_COMPILER_GLOBAL_ACCENT_COLOR_NAME = AccentColor;
				ASSETCATALOG_COMPILER_WIDGET_BACKGROUND_COLOR_NAME = WidgetBackground;
				CLANG_ANALYZER_NONNULL = YES;
				CLANG_ANALYZER_NUMBER_OBJECT_CONVERSION = YES_AGGRESSIVE;
				CLANG_CXX_LANGUAGE_STANDARD = "gnu++20";
				CLANG_ENABLE_OBJC_WEAK = YES;
				CLANG_WARN_DOCUMENTATION_COMMENTS = YES;
				CLANG_WARN_UNGUARDED_AVAILABILITY = YES_AGGRESSIVE;
				CODE_SIGN_ENTITLEMENTS = departureWidgetDebug.entitlements;
				CODE_SIGN_IDENTITY = "Apple Development";
				"CODE_SIGN_IDENTITY[sdk=iphoneos*]" = "iPhone Developer";
				CODE_SIGN_STYLE = Manual;
				CURRENT_PROJECT_VERSION = 1;
				DEAD_CODE_STRIPPING = YES;
				DEBUG_INFORMATION_FORMAT = dwarf;
				DEVELOPMENT_TEAM = "$(IOS_DEVELOPMENT_TEAM_ID)";
				"DEVELOPMENT_TEAM[sdk=iphoneos*]" = "$(IOS_DEVELOPMENT_TEAM_ID)";
				ENABLE_BITCODE = NO;
				GCC_C_LANGUAGE_STANDARD = gnu11;
				GENERATE_INFOPLIST_FILE = YES;
				INFOPLIST_FILE = departureWidget/Info.plist;
				INFOPLIST_KEY_CFBundleDisplayName = departureWidget;
				INFOPLIST_KEY_NSHumanReadableCopyright = "";
				INFOPLIST_KEY_NSLocationAlwaysAndWhenInUseUsageDescription = "We need your location to show bus departures near you";
				IPHONEOS_DEPLOYMENT_TARGET = 16.6;
				LD_RUNPATH_SEARCH_PATHS = (
					"$(inherited)",
					"@executable_path/Frameworks",
					"@executable_path/../../Frameworks",
				);
				MARKETING_VERSION = "$(APP_VERSION)";
				MTL_ENABLE_DEBUG_INFO = INCLUDE_SOURCE;
				MTL_FAST_MATH = YES;
				OTHER_LDFLAGS = "";
				PRODUCT_BUNDLE_IDENTIFIER = "$(IOS_APP_WIDGET_IDENTIFIER)";
				PRODUCT_NAME = "$(TARGET_NAME)";
				PROVISIONING_PROFILE_SPECIFIER = "match Development $(IOS_APP_WIDGET_IDENTIFIER)";
				"PROVISIONING_PROFILE_SPECIFIER[sdk=iphoneos*]" = "match Development $(IOS_APP_WIDGET_IDENTIFIER)";
				SKIP_INSTALL = YES;
				SUPPORTED_PLATFORMS = "iphoneos iphonesimulator";
				SUPPORTS_MACCATALYST = NO;
				SUPPORTS_MAC_DESIGNED_FOR_IPHONE_IPAD = NO;
				SWIFT_ACTIVE_COMPILATION_CONDITIONS = DEBUG;
				SWIFT_EMIT_LOC_STRINGS = YES;
				SWIFT_OPTIMIZATION_LEVEL = "-Onone";
				SWIFT_VERSION = 5.0;
				TARGETED_DEVICE_FAMILY = 1;
			};
			name = Debug;
		};
		FE55265728EC45EE0091F697 /* Release */ = {
			isa = XCBuildConfiguration;
			baseConfigurationReference = FE8186AF297593DA000D2195 /* Config.xcconfig */;
			buildSettings = {
				ASSETCATALOG_COMPILER_GLOBAL_ACCENT_COLOR_NAME = AccentColor;
				ASSETCATALOG_COMPILER_WIDGET_BACKGROUND_COLOR_NAME = WidgetBackground;
				CLANG_ANALYZER_NONNULL = YES;
				CLANG_ANALYZER_NUMBER_OBJECT_CONVERSION = YES_AGGRESSIVE;
				CLANG_CXX_LANGUAGE_STANDARD = "gnu++20";
				CLANG_ENABLE_OBJC_WEAK = YES;
				CLANG_WARN_DOCUMENTATION_COMMENTS = YES;
				CLANG_WARN_UNGUARDED_AVAILABILITY = YES_AGGRESSIVE;
				CODE_SIGN_ENTITLEMENTS = departureWidget.entitlements;
				CODE_SIGN_IDENTITY = "Apple Development";
				CODE_SIGN_STYLE = Manual;
				COPY_PHASE_STRIP = NO;
				CURRENT_PROJECT_VERSION = 1;
				DEAD_CODE_STRIPPING = YES;
				DEBUG_INFORMATION_FORMAT = "dwarf-with-dsym";
				DEVELOPMENT_TEAM = "$(IOS_DEVELOPMENT_TEAM_ID)";
				ENABLE_BITCODE = NO;
				GCC_C_LANGUAGE_STANDARD = gnu11;
				GENERATE_INFOPLIST_FILE = YES;
				INFOPLIST_FILE = departureWidget/Info.plist;
				INFOPLIST_KEY_CFBundleDisplayName = departureWidget;
				INFOPLIST_KEY_NSHumanReadableCopyright = "";
				INFOPLIST_KEY_NSLocationAlwaysAndWhenInUseUsageDescription = "We need your location to show bus departures near you";
				IPHONEOS_DEPLOYMENT_TARGET = 16.6;
				LD_RUNPATH_SEARCH_PATHS = (
					"$(inherited)",
					"@executable_path/Frameworks",
					"@executable_path/../../Frameworks",
				);
				MARKETING_VERSION = "$(APP_VERSION)";
				MTL_FAST_MATH = YES;
				PRODUCT_BUNDLE_IDENTIFIER = "$(IOS_APP_WIDGET_IDENTIFIER)";
				PRODUCT_NAME = "$(TARGET_NAME)";
				PROVISIONING_PROFILE_SPECIFIER = "";
				SKIP_INSTALL = YES;
				SUPPORTED_PLATFORMS = "iphoneos iphonesimulator";
				SUPPORTS_MACCATALYST = NO;
				SUPPORTS_MAC_DESIGNED_FOR_IPHONE_IPAD = NO;
				SWIFT_EMIT_LOC_STRINGS = YES;
				SWIFT_OPTIMIZATION_LEVEL = "-O";
				SWIFT_VERSION = 5.0;
				TARGETED_DEVICE_FAMILY = 1;
			};
			name = Release;
		};
/* End XCBuildConfiguration section */

/* Begin XCConfigurationList section */
		13B07F931A680F5B00A75B9A /* Build configuration list for PBXNativeTarget "app" */ = {
			isa = XCConfigurationList;
			buildConfigurations = (
				13B07F941A680F5B00A75B9A /* Debug */,
				13B07F951A680F5B00A75B9A /* Release */,
			);
			defaultConfigurationIsVisible = 0;
			defaultConfigurationName = Release;
		};
		500752E429855BD100AC5A7F /* Build configuration list for PBXNativeTarget "AtbAppIntent" */ = {
			isa = XCConfigurationList;
			buildConfigurations = (
				500752E529855BD100AC5A7F /* Debug */,
				500752E629855BD100AC5A7F /* Release */,
			);
			defaultConfigurationIsVisible = 0;
			defaultConfigurationName = Release;
		};
		83CBB9FA1A601CBA00E9B192 /* Build configuration list for PBXProject "atb" */ = {
			isa = XCConfigurationList;
			buildConfigurations = (
				83CBBA201A601CBA00E9B192 /* Debug */,
				83CBBA211A601CBA00E9B192 /* Release */,
			);
			defaultConfigurationIsVisible = 0;
			defaultConfigurationName = Release;
		};
		FE55265828EC45EE0091F697 /* Build configuration list for PBXNativeTarget "departureWidget" */ = {
			isa = XCConfigurationList;
			buildConfigurations = (
				FE55265628EC45EE0091F697 /* Debug */,
				FE55265728EC45EE0091F697 /* Release */,
			);
			defaultConfigurationIsVisible = 0;
			defaultConfigurationName = Release;
		};
/* End XCConfigurationList section */
	};
	rootObject = 83CBB9F71A601CBA00E9B192 /* Project object */;
}
